// !$*UTF8*$!
{
	archiveVersion = 1;
	classes = {
	};
	objectVersion = 56;
	objects = {

/* Begin PBXBuildFile section */
		C2AC055D2C60EABBC7484183 /* Pods_MeloPlace.framework in Frameworks */ = {isa = PBXBuildFile; fileRef = B8DFD7791FAE279CDDBF779A /* Pods_MeloPlace.framework */; };
		E90E64382A80F3F4002A71B6 /* AppDelegate.swift in Sources */ = {isa = PBXBuildFile; fileRef = E90E64372A80F3F4002A71B6 /* AppDelegate.swift */; };
		E90E643A2A80F3F4002A71B6 /* SceneDelegate.swift in Sources */ = {isa = PBXBuildFile; fileRef = E90E64392A80F3F4002A71B6 /* SceneDelegate.swift */; };
		E90E643C2A80F3F4002A71B6 /* ViewController.swift in Sources */ = {isa = PBXBuildFile; fileRef = E90E643B2A80F3F4002A71B6 /* ViewController.swift */; };
		E90E643F2A80F3F4002A71B6 /* Main.storyboard in Resources */ = {isa = PBXBuildFile; fileRef = E90E643D2A80F3F4002A71B6 /* Main.storyboard */; };
		E90E64412A80F3F6002A71B6 /* Assets.xcassets in Resources */ = {isa = PBXBuildFile; fileRef = E90E64402A80F3F6002A71B6 /* Assets.xcassets */; };
		E90E64442A80F3F6002A71B6 /* LaunchScreen.storyboard in Resources */ = {isa = PBXBuildFile; fileRef = E90E64422A80F3F6002A71B6 /* LaunchScreen.storyboard */; };
		E90E644F2A80F3F6002A71B6 /* MeloPlaceTests.swift in Sources */ = {isa = PBXBuildFile; fileRef = E90E644E2A80F3F6002A71B6 /* MeloPlaceTests.swift */; };
		E90E64592A80F3F6002A71B6 /* MeloPlaceUITests.swift in Sources */ = {isa = PBXBuildFile; fileRef = E90E64582A80F3F6002A71B6 /* MeloPlaceUITests.swift */; };
		E90E645B2A80F3F6002A71B6 /* MeloPlaceUITestsLaunchTests.swift in Sources */ = {isa = PBXBuildFile; fileRef = E90E645A2A80F3F6002A71B6 /* MeloPlaceUITestsLaunchTests.swift */; };
		E90E64692A80F6F8002A71B6 /* CoordinatorProtocol.swift in Sources */ = {isa = PBXBuildFile; fileRef = E90E64682A80F6F8002A71B6 /* CoordinatorProtocol.swift */; };
		E90E646B2A80F710002A71B6 /* DIContainer.swift in Sources */ = {isa = PBXBuildFile; fileRef = E90E646A2A80F710002A71B6 /* DIContainer.swift */; };
		E90E647E2A80F99C002A71B6 /* MainCoordinator.swift in Sources */ = {isa = PBXBuildFile; fileRef = E90E647D2A80F99C002A71B6 /* MainCoordinator.swift */; };
		E90E64822A80F9BE002A71B6 /* MainViewController.swift in Sources */ = {isa = PBXBuildFile; fileRef = E90E64812A80F9BE002A71B6 /* MainViewController.swift */; };
		E90E64842A80F9C8002A71B6 /* MainViewModel.swift in Sources */ = {isa = PBXBuildFile; fileRef = E90E64832A80F9C8002A71B6 /* MainViewModel.swift */; };
		E90E64882A80F9EB002A71B6 /* TabBarCoordinator.swift in Sources */ = {isa = PBXBuildFile; fileRef = E90E64872A80F9EB002A71B6 /* TabBarCoordinator.swift */; };
		E90E648A2A80F9FC002A71B6 /* AppCoordinator.swift in Sources */ = {isa = PBXBuildFile; fileRef = E90E64892A80F9FC002A71B6 /* AppCoordinator.swift */; };
		E90E648C2A80FA8C002A71B6 /* UserProfileCoordinator.swift in Sources */ = {isa = PBXBuildFile; fileRef = E90E648B2A80FA8C002A71B6 /* UserProfileCoordinator.swift */; };
		E90E648E2A80FA96002A71B6 /* UserProfileViewController.swift in Sources */ = {isa = PBXBuildFile; fileRef = E90E648D2A80FA96002A71B6 /* UserProfileViewController.swift */; };
		E90E64902A80FAA0002A71B6 /* UserProfileViewModel.swift in Sources */ = {isa = PBXBuildFile; fileRef = E90E648F2A80FAA0002A71B6 /* UserProfileViewModel.swift */; };
		E90E64922A80FAA9002A71B6 /* MapCoordinator.swift in Sources */ = {isa = PBXBuildFile; fileRef = E90E64912A80FAA9002A71B6 /* MapCoordinator.swift */; };
		E90E64942A80FAB3002A71B6 /* MapViewController.swift in Sources */ = {isa = PBXBuildFile; fileRef = E90E64932A80FAB3002A71B6 /* MapViewController.swift */; };
		E90E64962A80FABB002A71B6 /* MapViewModel.swift in Sources */ = {isa = PBXBuildFile; fileRef = E90E64952A80FABB002A71B6 /* MapViewModel.swift */; };
		E90E64982A80FAD9002A71B6 /* BrowseCoordinator.swift in Sources */ = {isa = PBXBuildFile; fileRef = E90E64972A80FAD9002A71B6 /* BrowseCoordinator.swift */; };
		E90E649A2A80FAE4002A71B6 /* BrowseViewController.swift in Sources */ = {isa = PBXBuildFile; fileRef = E90E64992A80FAE4002A71B6 /* BrowseViewController.swift */; };
		E90E649C2A80FAED002A71B6 /* BrowseViewModel.swift in Sources */ = {isa = PBXBuildFile; fileRef = E90E649B2A80FAED002A71B6 /* BrowseViewModel.swift */; };
		E90E649F2A810B37002A71B6 /* MainCollectionViewFlowLayout.swift in Sources */ = {isa = PBXBuildFile; fileRef = E90E649E2A810B37002A71B6 /* MainCollectionViewFlowLayout.swift */; };
		E90E64A12A810D3E002A71B6 /* MainCell.swift in Sources */ = {isa = PBXBuildFile; fileRef = E90E64A02A810D3E002A71B6 /* MainCell.swift */; };
		E90E64A52A820FB5002A71B6 /* MeloPlace.swift in Sources */ = {isa = PBXBuildFile; fileRef = E90E64A42A820FB5002A71B6 /* MeloPlace.swift */; };
		E90E64AC2A8237AD002A71B6 /* AddMeloPlaceCoordinator.swift in Sources */ = {isa = PBXBuildFile; fileRef = E90E64AB2A8237AD002A71B6 /* AddMeloPlaceCoordinator.swift */; };
		E90E64AE2A823812002A71B6 /* AddMeloPlaceViewController.swift in Sources */ = {isa = PBXBuildFile; fileRef = E90E64AD2A823812002A71B6 /* AddMeloPlaceViewController.swift */; };
		E90E64B02A82384E002A71B6 /* AddMeloPlaceViewModel.swift in Sources */ = {isa = PBXBuildFile; fileRef = E90E64AF2A82384E002A71B6 /* AddMeloPlaceViewModel.swift */; };
		E90E64B22A824BDF002A71B6 /* AddMeloPlaceView.swift in Sources */ = {isa = PBXBuildFile; fileRef = E90E64B12A824BDF002A71B6 /* AddMeloPlaceView.swift */; };
		E90E64B52A84CAD5002A71B6 /* Extension.swift in Sources */ = {isa = PBXBuildFile; fileRef = E90E64B42A84CAD5002A71B6 /* Extension.swift */; };
		E90E64BD2A84F37E002A71B6 /* Spotify.swift in Sources */ = {isa = PBXBuildFile; fileRef = E90E64BC2A84F37E002A71B6 /* Spotify.swift */; };
		E90E64BF2A84F578002A71B6 /* SpotifyViewController.swift in Sources */ = {isa = PBXBuildFile; fileRef = E90E64BE2A84F578002A71B6 /* SpotifyViewController.swift */; };
		E90E64C92A876AD7002A71B6 /* MeloLocationViewController.swift in Sources */ = {isa = PBXBuildFile; fileRef = E90E64C82A876AD7002A71B6 /* MeloLocationViewController.swift */; };
		E90E64CB2A876E40002A71B6 /* MeloLocationViewModel.swift in Sources */ = {isa = PBXBuildFile; fileRef = E90E64CA2A876E40002A71B6 /* MeloLocationViewModel.swift */; };
		E90E64CD2A876E6B002A71B6 /* MeloLocationCoordinator.swift in Sources */ = {isa = PBXBuildFile; fileRef = E90E64CC2A876E6B002A71B6 /* MeloLocationCoordinator.swift */; };
		E90E64CF2A876ED3002A71B6 /* MeloLocationView.swift in Sources */ = {isa = PBXBuildFile; fileRef = E90E64CE2A876ED3002A71B6 /* MeloLocationView.swift */; };
		E90E64D12A8773DF002A71B6 /* MapView.swift in Sources */ = {isa = PBXBuildFile; fileRef = E90E64D02A8773DF002A71B6 /* MapView.swift */; };
		E90E64D32A877901002A71B6 /* ThemeButton.swift in Sources */ = {isa = PBXBuildFile; fileRef = E90E64D22A877901002A71B6 /* ThemeButton.swift */; };
		E90E64D62A8779AC002A71B6 /* ThemeColor.swift in Sources */ = {isa = PBXBuildFile; fileRef = E90E64D52A8779AC002A71B6 /* ThemeColor.swift */; };
		E90E64D82A877D09002A71B6 /* ThemeFont.swift in Sources */ = {isa = PBXBuildFile; fileRef = E90E64D72A877D09002A71B6 /* ThemeFont.swift */; };
		E90E64DC2A87806D002A71B6 /* LocationManager.swift in Sources */ = {isa = PBXBuildFile; fileRef = E90E64DB2A87806D002A71B6 /* LocationManager.swift */; };
		E90E64DE2A8781D3002A71B6 /* GeoPoint.swift in Sources */ = {isa = PBXBuildFile; fileRef = E90E64DD2A8781D3002A71B6 /* GeoPoint.swift */; };
		E90E64E02A878228002A71B6 /* Address.swift in Sources */ = {isa = PBXBuildFile; fileRef = E90E64DF2A878228002A71B6 /* Address.swift */; };
		E90E64E22A87864C002A71B6 /* Array+.swift in Sources */ = {isa = PBXBuildFile; fileRef = E90E64E12A87864C002A71B6 /* Array+.swift */; };
		E90E64E42A878797002A71B6 /* CLLocationManager+RX.swift in Sources */ = {isa = PBXBuildFile; fileRef = E90E64E32A878797002A71B6 /* CLLocationManager+RX.swift */; };
		E90E64E62A8787D0002A71B6 /* MKMapView+RX.swift in Sources */ = {isa = PBXBuildFile; fileRef = E90E64E52A8787D0002A71B6 /* MKMapView+RX.swift */; };
		E90E64EE2A8B4688002A71B6 /* MusicListCoordinator.swift in Sources */ = {isa = PBXBuildFile; fileRef = E90E64ED2A8B4688002A71B6 /* MusicListCoordinator.swift */; };
		E90E64F02A8B4734002A71B6 /* MusicListViewController.swift in Sources */ = {isa = PBXBuildFile; fileRef = E90E64EF2A8B4734002A71B6 /* MusicListViewController.swift */; };
		E90E64F22A8B47D0002A71B6 /* MusicListViewModel.swift in Sources */ = {isa = PBXBuildFile; fileRef = E90E64F12A8B47D0002A71B6 /* MusicListViewModel.swift */; };
		E90E64F42A8B4FE6002A71B6 /* MusicListCollectionCell.swift in Sources */ = {isa = PBXBuildFile; fileRef = E90E64F32A8B4FE6002A71B6 /* MusicListCollectionCell.swift */; };
		E90E64F62A8B51F5002A71B6 /* Music.swift in Sources */ = {isa = PBXBuildFile; fileRef = E90E64F52A8B51F5002A71B6 /* Music.swift */; };
		E90E64FB2A8B5587002A71B6 /* SpotifyService.swift in Sources */ = {isa = PBXBuildFile; fileRef = E90E64FA2A8B5586002A71B6 /* SpotifyService.swift */; };
		E90E64FF2A8B74D6002A71B6 /* SpotifySearchDTO.swift in Sources */ = {isa = PBXBuildFile; fileRef = E90E64FE2A8B74D6002A71B6 /* SpotifySearchDTO.swift */; };
		E90E65052A8B8B28002A71B6 /* SpotifyiOS in Frameworks */ = {isa = PBXBuildFile; productRef = E90E65042A8B8B28002A71B6 /* SpotifyiOS */; };
		E90E650E2A8CB881002A71B6 /* SelectDateCoordinator.swift in Sources */ = {isa = PBXBuildFile; fileRef = E90E650D2A8CB881002A71B6 /* SelectDateCoordinator.swift */; };
		E90E65102A8CB89C002A71B6 /* SelectDateViewController.swift in Sources */ = {isa = PBXBuildFile; fileRef = E90E650F2A8CB89C002A71B6 /* SelectDateViewController.swift */; };
		E90E65122A8CB8CC002A71B6 /* SelectDateViewModel.swift in Sources */ = {isa = PBXBuildFile; fileRef = E90E65112A8CB8CC002A71B6 /* SelectDateViewModel.swift */; };
		E90E65142A8DDF79002A71B6 /* SpotifyUserProfileDTO.swift in Sources */ = {isa = PBXBuildFile; fileRef = E90E65132A8DDF79002A71B6 /* SpotifyUserProfileDTO.swift */; };
		E90E651C2A8DEE23002A71B6 /* SignInCoordinator.swift in Sources */ = {isa = PBXBuildFile; fileRef = E90E651B2A8DEE23002A71B6 /* SignInCoordinator.swift */; };
		E90E651E2A8DEE65002A71B6 /* SignInViewController.swift in Sources */ = {isa = PBXBuildFile; fileRef = E90E651D2A8DEE65002A71B6 /* SignInViewController.swift */; };
		E90E65202A8DEE6F002A71B6 /* SignInViewModel.swift in Sources */ = {isa = PBXBuildFile; fileRef = E90E651F2A8DEE6F002A71B6 /* SignInViewModel.swift */; };
		E90E65222A8DF569002A71B6 /* GoogleService-Info.plist in Resources */ = {isa = PBXBuildFile; fileRef = E90E65212A8DF569002A71B6 /* GoogleService-Info.plist */; };
		E90E65242A8DF7B3002A71B6 /* FireBaseNetworkService.swift in Sources */ = {isa = PBXBuildFile; fileRef = E90E65232A8DF7B3002A71B6 /* FireBaseNetworkService.swift */; };
		E90E65262A8DF975002A71B6 /* DTOProtocol.swift in Sources */ = {isa = PBXBuildFile; fileRef = E90E65252A8DF975002A71B6 /* DTOProtocol.swift */; };
		E90E65282A8DF9F4002A71B6 /* UserDTO.swift in Sources */ = {isa = PBXBuildFile; fileRef = E90E65272A8DF9F4002A71B6 /* UserDTO.swift */; };
		E90E652E2A8E22C9002A71B6 /* SignUpCoordinator.swift in Sources */ = {isa = PBXBuildFile; fileRef = E90E652D2A8E22C9002A71B6 /* SignUpCoordinator.swift */; };
		E90E65302A8E22D7002A71B6 /* SignUpViewController.swift in Sources */ = {isa = PBXBuildFile; fileRef = E90E652F2A8E22D7002A71B6 /* SignUpViewController.swift */; };
		E90E65322A8E22E4002A71B6 /* SignUpViewModel.swift in Sources */ = {isa = PBXBuildFile; fileRef = E90E65312A8E22E4002A71B6 /* SignUpViewModel.swift */; };
		E90E65342A94A9B6002A71B6 /* MeloPlaceDTO.swift in Sources */ = {isa = PBXBuildFile; fileRef = E90E65332A94A9B6002A71B6 /* MeloPlaceDTO.swift */; };
		E90E65362A9665B1002A71B6 /* ViewController+Rx.swift in Sources */ = {isa = PBXBuildFile; fileRef = E90E65352A9665B1002A71B6 /* ViewController+Rx.swift */; };
		E90E653C2A9876A4002A71B6 /* MeloPlaceDetailCoordinator.swift in Sources */ = {isa = PBXBuildFile; fileRef = E90E653B2A9876A4002A71B6 /* MeloPlaceDetailCoordinator.swift */; };
		E90E653E2A9876B2002A71B6 /* MeloPlaceDetailViewController.swift in Sources */ = {isa = PBXBuildFile; fileRef = E90E653D2A9876B2002A71B6 /* MeloPlaceDetailViewController.swift */; };
		E90E65402A9876BB002A71B6 /* MeloPlaceDetailViewModel.swift in Sources */ = {isa = PBXBuildFile; fileRef = E90E653F2A9876BB002A71B6 /* MeloPlaceDetailViewModel.swift */; };
		E90E65422A9897D6002A71B6 /* AnnotationView.swift in Sources */ = {isa = PBXBuildFile; fileRef = E90E65412A9897D6002A71B6 /* AnnotationView.swift */; };
		E90E65442A989E87002A71B6 /* UIImage+.swift in Sources */ = {isa = PBXBuildFile; fileRef = E90E65432A989E87002A71B6 /* UIImage+.swift */; };
		E90E654A2AA0975A002A71B6 /* MapMeloPlaceListCoordinator.swift in Sources */ = {isa = PBXBuildFile; fileRef = E90E65492AA0975A002A71B6 /* MapMeloPlaceListCoordinator.swift */; };
		E90E654C2AA09766002A71B6 /* MapMeloPlaceListViewController.swift in Sources */ = {isa = PBXBuildFile; fileRef = E90E654B2AA09766002A71B6 /* MapMeloPlaceListViewController.swift */; };
		E90E654E2AA0976E002A71B6 /* MapMeloPlaceListViewModel.swift in Sources */ = {isa = PBXBuildFile; fileRef = E90E654D2AA0976E002A71B6 /* MapMeloPlaceListViewModel.swift */; };
		E90E65512AA09D10002A71B6 /* MapMeloPlaceListCollectionCell.swift in Sources */ = {isa = PBXBuildFile; fileRef = E90E65502AA09D10002A71B6 /* MapMeloPlaceListCollectionCell.swift */; };
		E90E65532AA4B90B002A71B6 /* SearchBarView.swift in Sources */ = {isa = PBXBuildFile; fileRef = E90E65522AA4B90B002A71B6 /* SearchBarView.swift */; };
		E90E655A2AA5C0F5002A71B6 /* SearchCoordintor.swift in Sources */ = {isa = PBXBuildFile; fileRef = E90E65592AA5C0F5002A71B6 /* SearchCoordintor.swift */; };
		E90E655C2AA5C11A002A71B6 /* SearchViewController.swift in Sources */ = {isa = PBXBuildFile; fileRef = E90E655B2AA5C11A002A71B6 /* SearchViewController.swift */; };
		E90E655E2AA5C125002A71B6 /* SearchViewModel.swift in Sources */ = {isa = PBXBuildFile; fileRef = E90E655D2AA5C125002A71B6 /* SearchViewModel.swift */; };
		E90E65602AA5CF3A002A71B6 /* Space.swift in Sources */ = {isa = PBXBuildFile; fileRef = E90E655F2AA5CF3A002A71B6 /* Space.swift */; };
		E90E65632AA5D20E002A71B6 /* SearchView.swift in Sources */ = {isa = PBXBuildFile; fileRef = E90E65622AA5D20E002A71B6 /* SearchView.swift */; };
		E90E65652AA5D70C002A71B6 /* SearchTableCell.swift in Sources */ = {isa = PBXBuildFile; fileRef = E90E65642AA5D70C002A71B6 /* SearchTableCell.swift */; };
		E90E65672AA996DF002A71B6 /* SwiftUIPreView.swift in Sources */ = {isa = PBXBuildFile; fileRef = E90E65662AA996DF002A71B6 /* SwiftUIPreView.swift */; };
		E90E656A2AAAEFBC002A71B6 /* UserProfileCollectionCell.swift in Sources */ = {isa = PBXBuildFile; fileRef = E90E65692AAAEFBC002A71B6 /* UserProfileCollectionCell.swift */; };
		E90E656C2AAAF1CC002A71B6 /* UserProfileSection.swift in Sources */ = {isa = PBXBuildFile; fileRef = E90E656B2AAAF1CC002A71B6 /* UserProfileSection.swift */; };
		E90E656E2AAAF259002A71B6 /* UserProfileLayout.swift in Sources */ = {isa = PBXBuildFile; fileRef = E90E656D2AAAF259002A71B6 /* UserProfileLayout.swift */; };
		E90E65702AAAF3DE002A71B6 /* UserContentCollectionCell.swift in Sources */ = {isa = PBXBuildFile; fileRef = E90E656F2AAAF3DE002A71B6 /* UserContentCollectionCell.swift */; };
		E90E65722AAAF8AA002A71B6 /* User.swift in Sources */ = {isa = PBXBuildFile; fileRef = E90E65712AAAF8AA002A71B6 /* User.swift */; };
		E90E65772AAB01CB002A71B6 /* FetchUserUseCase.swift in Sources */ = {isa = PBXBuildFile; fileRef = E90E65762AAB01CB002A71B6 /* FetchUserUseCase.swift */; };
		E90E657C2AAB03EC002A71B6 /* UserRepository.swift in Sources */ = {isa = PBXBuildFile; fileRef = E90E657B2AAB03EC002A71B6 /* UserRepository.swift */; };
		E90E657E2AAB09F0002A71B6 /* MeloPlaceRepository.swift in Sources */ = {isa = PBXBuildFile; fileRef = E90E657D2AAB09F0002A71B6 /* MeloPlaceRepository.swift */; };
		E90E65802AAB0B89002A71B6 /* FetchMeloPlaceUseCase.swift in Sources */ = {isa = PBXBuildFile; fileRef = E90E657F2AAB0B89002A71B6 /* FetchMeloPlaceUseCase.swift */; };
		E90E65822AAB127E002A71B6 /* FilterCollectionView.swift in Sources */ = {isa = PBXBuildFile; fileRef = E90E65812AAB127E002A71B6 /* FilterCollectionView.swift */; };
		E90E65842AAB12AD002A71B6 /* FilterCollectionCell.swift in Sources */ = {isa = PBXBuildFile; fileRef = E90E65832AAB12AD002A71B6 /* FilterCollectionCell.swift */; };
		E90E65872AAC68B3002A71B6 /* PlayerView.swift in Sources */ = {isa = PBXBuildFile; fileRef = E90E65862AAC68B3002A71B6 /* PlayerView.swift */; };
		E90E65892AACA08C002A71B6 /* MeloPlaceDetailCollectionCell.swift in Sources */ = {isa = PBXBuildFile; fileRef = E90E65882AACA08C002A71B6 /* MeloPlaceDetailCollectionCell.swift */; };
		E90E658B2AADCB78002A71B6 /* MeloPlaceDetailView.swift in Sources */ = {isa = PBXBuildFile; fileRef = E90E658A2AADCB78002A71B6 /* MeloPlaceDetailView.swift */; };
		F5799F688EC91F2B993C799E /* Pods_MeloPlaceTests.framework in Frameworks */ = {isa = PBXBuildFile; fileRef = 74DFAEE2E1A6B5551A2A2277 /* Pods_MeloPlaceTests.framework */; };
		FA5C3C5E8A3EA8B36C6D1BCA /* Pods_MeloPlace_MeloPlaceUITests.framework in Frameworks */ = {isa = PBXBuildFile; fileRef = 9FED2394756A4B4F983B47D3 /* Pods_MeloPlace_MeloPlaceUITests.framework */; };
/* End PBXBuildFile section */

/* Begin PBXContainerItemProxy section */
		E90E644B2A80F3F6002A71B6 /* PBXContainerItemProxy */ = {
			isa = PBXContainerItemProxy;
			containerPortal = E90E642C2A80F3F4002A71B6 /* Project object */;
			proxyType = 1;
			remoteGlobalIDString = E90E64332A80F3F4002A71B6;
			remoteInfo = MeloPlace;
		};
		E90E64552A80F3F6002A71B6 /* PBXContainerItemProxy */ = {
			isa = PBXContainerItemProxy;
			containerPortal = E90E642C2A80F3F4002A71B6 /* Project object */;
			proxyType = 1;
			remoteGlobalIDString = E90E64332A80F3F4002A71B6;
			remoteInfo = MeloPlace;
		};
/* End PBXContainerItemProxy section */

/* Begin PBXFileReference section */
		3668B8E7D54CB5421DB52AB2 /* Pods-MeloPlaceTests.release.xcconfig */ = {isa = PBXFileReference; includeInIndex = 1; lastKnownFileType = text.xcconfig; name = "Pods-MeloPlaceTests.release.xcconfig"; path = "Target Support Files/Pods-MeloPlaceTests/Pods-MeloPlaceTests.release.xcconfig"; sourceTree = "<group>"; };
		6CB548D45F29588305B1E44A /* Pods-MeloPlaceTests.debug.xcconfig */ = {isa = PBXFileReference; includeInIndex = 1; lastKnownFileType = text.xcconfig; name = "Pods-MeloPlaceTests.debug.xcconfig"; path = "Target Support Files/Pods-MeloPlaceTests/Pods-MeloPlaceTests.debug.xcconfig"; sourceTree = "<group>"; };
		74DFAEE2E1A6B5551A2A2277 /* Pods_MeloPlaceTests.framework */ = {isa = PBXFileReference; explicitFileType = wrapper.framework; includeInIndex = 0; path = Pods_MeloPlaceTests.framework; sourceTree = BUILT_PRODUCTS_DIR; };
		823DF253878761D0D0DFB3C1 /* Pods-MeloPlace-MeloPlaceUITests.debug.xcconfig */ = {isa = PBXFileReference; includeInIndex = 1; lastKnownFileType = text.xcconfig; name = "Pods-MeloPlace-MeloPlaceUITests.debug.xcconfig"; path = "Target Support Files/Pods-MeloPlace-MeloPlaceUITests/Pods-MeloPlace-MeloPlaceUITests.debug.xcconfig"; sourceTree = "<group>"; };
		9FED2394756A4B4F983B47D3 /* Pods_MeloPlace_MeloPlaceUITests.framework */ = {isa = PBXFileReference; explicitFileType = wrapper.framework; includeInIndex = 0; path = Pods_MeloPlace_MeloPlaceUITests.framework; sourceTree = BUILT_PRODUCTS_DIR; };
		B8DFD7791FAE279CDDBF779A /* Pods_MeloPlace.framework */ = {isa = PBXFileReference; explicitFileType = wrapper.framework; includeInIndex = 0; path = Pods_MeloPlace.framework; sourceTree = BUILT_PRODUCTS_DIR; };
		CE9541A331ED25298FC60811 /* Pods-MeloPlace-MeloPlaceUITests.release.xcconfig */ = {isa = PBXFileReference; includeInIndex = 1; lastKnownFileType = text.xcconfig; name = "Pods-MeloPlace-MeloPlaceUITests.release.xcconfig"; path = "Target Support Files/Pods-MeloPlace-MeloPlaceUITests/Pods-MeloPlace-MeloPlaceUITests.release.xcconfig"; sourceTree = "<group>"; };
		E82026C505C66F896984D8A9 /* Pods-MeloPlace.debug.xcconfig */ = {isa = PBXFileReference; includeInIndex = 1; lastKnownFileType = text.xcconfig; name = "Pods-MeloPlace.debug.xcconfig"; path = "Target Support Files/Pods-MeloPlace/Pods-MeloPlace.debug.xcconfig"; sourceTree = "<group>"; };
		E90E64342A80F3F4002A71B6 /* MeloPlace.app */ = {isa = PBXFileReference; explicitFileType = wrapper.application; includeInIndex = 0; path = MeloPlace.app; sourceTree = BUILT_PRODUCTS_DIR; };
		E90E64372A80F3F4002A71B6 /* AppDelegate.swift */ = {isa = PBXFileReference; lastKnownFileType = sourcecode.swift; path = AppDelegate.swift; sourceTree = "<group>"; };
		E90E64392A80F3F4002A71B6 /* SceneDelegate.swift */ = {isa = PBXFileReference; lastKnownFileType = sourcecode.swift; path = SceneDelegate.swift; sourceTree = "<group>"; };
		E90E643B2A80F3F4002A71B6 /* ViewController.swift */ = {isa = PBXFileReference; lastKnownFileType = sourcecode.swift; path = ViewController.swift; sourceTree = "<group>"; };
		E90E643E2A80F3F4002A71B6 /* Base */ = {isa = PBXFileReference; lastKnownFileType = file.storyboard; name = Base; path = Base.lproj/Main.storyboard; sourceTree = "<group>"; };
		E90E64402A80F3F6002A71B6 /* Assets.xcassets */ = {isa = PBXFileReference; lastKnownFileType = folder.assetcatalog; path = Assets.xcassets; sourceTree = "<group>"; };
		E90E64432A80F3F6002A71B6 /* Base */ = {isa = PBXFileReference; lastKnownFileType = file.storyboard; name = Base; path = Base.lproj/LaunchScreen.storyboard; sourceTree = "<group>"; };
		E90E64452A80F3F6002A71B6 /* Info.plist */ = {isa = PBXFileReference; lastKnownFileType = text.plist.xml; path = Info.plist; sourceTree = "<group>"; };
		E90E644A2A80F3F6002A71B6 /* MeloPlaceTests.xctest */ = {isa = PBXFileReference; explicitFileType = wrapper.cfbundle; includeInIndex = 0; path = MeloPlaceTests.xctest; sourceTree = BUILT_PRODUCTS_DIR; };
		E90E644E2A80F3F6002A71B6 /* MeloPlaceTests.swift */ = {isa = PBXFileReference; lastKnownFileType = sourcecode.swift; path = MeloPlaceTests.swift; sourceTree = "<group>"; };
		E90E64542A80F3F6002A71B6 /* MeloPlaceUITests.xctest */ = {isa = PBXFileReference; explicitFileType = wrapper.cfbundle; includeInIndex = 0; path = MeloPlaceUITests.xctest; sourceTree = BUILT_PRODUCTS_DIR; };
		E90E64582A80F3F6002A71B6 /* MeloPlaceUITests.swift */ = {isa = PBXFileReference; lastKnownFileType = sourcecode.swift; path = MeloPlaceUITests.swift; sourceTree = "<group>"; };
		E90E645A2A80F3F6002A71B6 /* MeloPlaceUITestsLaunchTests.swift */ = {isa = PBXFileReference; lastKnownFileType = sourcecode.swift; path = MeloPlaceUITestsLaunchTests.swift; sourceTree = "<group>"; };
		E90E64682A80F6F8002A71B6 /* CoordinatorProtocol.swift */ = {isa = PBXFileReference; lastKnownFileType = sourcecode.swift; path = CoordinatorProtocol.swift; sourceTree = "<group>"; };
		E90E646A2A80F710002A71B6 /* DIContainer.swift */ = {isa = PBXFileReference; lastKnownFileType = sourcecode.swift; path = DIContainer.swift; sourceTree = "<group>"; };
		E90E647D2A80F99C002A71B6 /* MainCoordinator.swift */ = {isa = PBXFileReference; lastKnownFileType = sourcecode.swift; path = MainCoordinator.swift; sourceTree = "<group>"; };
		E90E64812A80F9BE002A71B6 /* MainViewController.swift */ = {isa = PBXFileReference; lastKnownFileType = sourcecode.swift; path = MainViewController.swift; sourceTree = "<group>"; };
		E90E64832A80F9C8002A71B6 /* MainViewModel.swift */ = {isa = PBXFileReference; lastKnownFileType = sourcecode.swift; path = MainViewModel.swift; sourceTree = "<group>"; };
		E90E64872A80F9EB002A71B6 /* TabBarCoordinator.swift */ = {isa = PBXFileReference; lastKnownFileType = sourcecode.swift; path = TabBarCoordinator.swift; sourceTree = "<group>"; };
		E90E64892A80F9FC002A71B6 /* AppCoordinator.swift */ = {isa = PBXFileReference; lastKnownFileType = sourcecode.swift; path = AppCoordinator.swift; sourceTree = "<group>"; };
		E90E648B2A80FA8C002A71B6 /* UserProfileCoordinator.swift */ = {isa = PBXFileReference; lastKnownFileType = sourcecode.swift; path = UserProfileCoordinator.swift; sourceTree = "<group>"; };
		E90E648D2A80FA96002A71B6 /* UserProfileViewController.swift */ = {isa = PBXFileReference; lastKnownFileType = sourcecode.swift; path = UserProfileViewController.swift; sourceTree = "<group>"; };
		E90E648F2A80FAA0002A71B6 /* UserProfileViewModel.swift */ = {isa = PBXFileReference; lastKnownFileType = sourcecode.swift; path = UserProfileViewModel.swift; sourceTree = "<group>"; };
		E90E64912A80FAA9002A71B6 /* MapCoordinator.swift */ = {isa = PBXFileReference; lastKnownFileType = sourcecode.swift; path = MapCoordinator.swift; sourceTree = "<group>"; };
		E90E64932A80FAB3002A71B6 /* MapViewController.swift */ = {isa = PBXFileReference; lastKnownFileType = sourcecode.swift; path = MapViewController.swift; sourceTree = "<group>"; };
		E90E64952A80FABB002A71B6 /* MapViewModel.swift */ = {isa = PBXFileReference; lastKnownFileType = sourcecode.swift; path = MapViewModel.swift; sourceTree = "<group>"; };
		E90E64972A80FAD9002A71B6 /* BrowseCoordinator.swift */ = {isa = PBXFileReference; lastKnownFileType = sourcecode.swift; path = BrowseCoordinator.swift; sourceTree = "<group>"; };
		E90E64992A80FAE4002A71B6 /* BrowseViewController.swift */ = {isa = PBXFileReference; lastKnownFileType = sourcecode.swift; path = BrowseViewController.swift; sourceTree = "<group>"; };
		E90E649B2A80FAED002A71B6 /* BrowseViewModel.swift */ = {isa = PBXFileReference; lastKnownFileType = sourcecode.swift; path = BrowseViewModel.swift; sourceTree = "<group>"; };
		E90E649E2A810B37002A71B6 /* MainCollectionViewFlowLayout.swift */ = {isa = PBXFileReference; lastKnownFileType = sourcecode.swift; path = MainCollectionViewFlowLayout.swift; sourceTree = "<group>"; };
		E90E64A02A810D3E002A71B6 /* MainCell.swift */ = {isa = PBXFileReference; lastKnownFileType = sourcecode.swift; path = MainCell.swift; sourceTree = "<group>"; };
		E90E64A42A820FB5002A71B6 /* MeloPlace.swift */ = {isa = PBXFileReference; lastKnownFileType = sourcecode.swift; path = MeloPlace.swift; sourceTree = "<group>"; };
		E90E64AB2A8237AD002A71B6 /* AddMeloPlaceCoordinator.swift */ = {isa = PBXFileReference; lastKnownFileType = sourcecode.swift; path = AddMeloPlaceCoordinator.swift; sourceTree = "<group>"; };
		E90E64AD2A823812002A71B6 /* AddMeloPlaceViewController.swift */ = {isa = PBXFileReference; lastKnownFileType = sourcecode.swift; path = AddMeloPlaceViewController.swift; sourceTree = "<group>"; };
		E90E64AF2A82384E002A71B6 /* AddMeloPlaceViewModel.swift */ = {isa = PBXFileReference; lastKnownFileType = sourcecode.swift; path = AddMeloPlaceViewModel.swift; sourceTree = "<group>"; };
		E90E64B12A824BDF002A71B6 /* AddMeloPlaceView.swift */ = {isa = PBXFileReference; lastKnownFileType = sourcecode.swift; path = AddMeloPlaceView.swift; sourceTree = "<group>"; };
		E90E64B42A84CAD5002A71B6 /* Extension.swift */ = {isa = PBXFileReference; lastKnownFileType = sourcecode.swift; path = Extension.swift; sourceTree = "<group>"; };
		E90E64B82A84EE74002A71B6 /* MeloPlace-Bridging-Header.h */ = {isa = PBXFileReference; lastKnownFileType = sourcecode.c.h; path = "MeloPlace-Bridging-Header.h"; sourceTree = "<group>"; };
		E90E64BC2A84F37E002A71B6 /* Spotify.swift */ = {isa = PBXFileReference; lastKnownFileType = sourcecode.swift; path = Spotify.swift; sourceTree = "<group>"; };
		E90E64BE2A84F578002A71B6 /* SpotifyViewController.swift */ = {isa = PBXFileReference; lastKnownFileType = sourcecode.swift; path = SpotifyViewController.swift; sourceTree = "<group>"; };
		E90E64C82A876AD7002A71B6 /* MeloLocationViewController.swift */ = {isa = PBXFileReference; lastKnownFileType = sourcecode.swift; path = MeloLocationViewController.swift; sourceTree = "<group>"; };
		E90E64CA2A876E40002A71B6 /* MeloLocationViewModel.swift */ = {isa = PBXFileReference; lastKnownFileType = sourcecode.swift; path = MeloLocationViewModel.swift; sourceTree = "<group>"; };
		E90E64CC2A876E6B002A71B6 /* MeloLocationCoordinator.swift */ = {isa = PBXFileReference; lastKnownFileType = sourcecode.swift; path = MeloLocationCoordinator.swift; sourceTree = "<group>"; };
		E90E64CE2A876ED3002A71B6 /* MeloLocationView.swift */ = {isa = PBXFileReference; lastKnownFileType = sourcecode.swift; path = MeloLocationView.swift; sourceTree = "<group>"; };
		E90E64D02A8773DF002A71B6 /* MapView.swift */ = {isa = PBXFileReference; lastKnownFileType = sourcecode.swift; path = MapView.swift; sourceTree = "<group>"; };
		E90E64D22A877901002A71B6 /* ThemeButton.swift */ = {isa = PBXFileReference; lastKnownFileType = sourcecode.swift; path = ThemeButton.swift; sourceTree = "<group>"; };
		E90E64D52A8779AC002A71B6 /* ThemeColor.swift */ = {isa = PBXFileReference; lastKnownFileType = sourcecode.swift; path = ThemeColor.swift; sourceTree = "<group>"; };
		E90E64D72A877D09002A71B6 /* ThemeFont.swift */ = {isa = PBXFileReference; lastKnownFileType = sourcecode.swift; path = ThemeFont.swift; sourceTree = "<group>"; };
		E90E64DB2A87806D002A71B6 /* LocationManager.swift */ = {isa = PBXFileReference; lastKnownFileType = sourcecode.swift; path = LocationManager.swift; sourceTree = "<group>"; };
		E90E64DD2A8781D3002A71B6 /* GeoPoint.swift */ = {isa = PBXFileReference; lastKnownFileType = sourcecode.swift; path = GeoPoint.swift; sourceTree = "<group>"; };
		E90E64DF2A878228002A71B6 /* Address.swift */ = {isa = PBXFileReference; lastKnownFileType = sourcecode.swift; path = Address.swift; sourceTree = "<group>"; };
		E90E64E12A87864C002A71B6 /* Array+.swift */ = {isa = PBXFileReference; lastKnownFileType = sourcecode.swift; path = "Array+.swift"; sourceTree = "<group>"; };
		E90E64E32A878797002A71B6 /* CLLocationManager+RX.swift */ = {isa = PBXFileReference; lastKnownFileType = sourcecode.swift; path = "CLLocationManager+RX.swift"; sourceTree = "<group>"; };
		E90E64E52A8787D0002A71B6 /* MKMapView+RX.swift */ = {isa = PBXFileReference; lastKnownFileType = sourcecode.swift; path = "MKMapView+RX.swift"; sourceTree = "<group>"; };
		E90E64ED2A8B4688002A71B6 /* MusicListCoordinator.swift */ = {isa = PBXFileReference; lastKnownFileType = sourcecode.swift; path = MusicListCoordinator.swift; sourceTree = "<group>"; };
		E90E64EF2A8B4734002A71B6 /* MusicListViewController.swift */ = {isa = PBXFileReference; lastKnownFileType = sourcecode.swift; path = MusicListViewController.swift; sourceTree = "<group>"; };
		E90E64F12A8B47D0002A71B6 /* MusicListViewModel.swift */ = {isa = PBXFileReference; lastKnownFileType = sourcecode.swift; path = MusicListViewModel.swift; sourceTree = "<group>"; };
		E90E64F32A8B4FE6002A71B6 /* MusicListCollectionCell.swift */ = {isa = PBXFileReference; lastKnownFileType = sourcecode.swift; path = MusicListCollectionCell.swift; sourceTree = "<group>"; };
		E90E64F52A8B51F5002A71B6 /* Music.swift */ = {isa = PBXFileReference; lastKnownFileType = sourcecode.swift; path = Music.swift; sourceTree = "<group>"; };
		E90E64FA2A8B5586002A71B6 /* SpotifyService.swift */ = {isa = PBXFileReference; lastKnownFileType = sourcecode.swift; path = SpotifyService.swift; sourceTree = "<group>"; };
		E90E64FE2A8B74D6002A71B6 /* SpotifySearchDTO.swift */ = {isa = PBXFileReference; lastKnownFileType = sourcecode.swift; path = SpotifySearchDTO.swift; sourceTree = "<group>"; };
		E90E650D2A8CB881002A71B6 /* SelectDateCoordinator.swift */ = {isa = PBXFileReference; lastKnownFileType = sourcecode.swift; path = SelectDateCoordinator.swift; sourceTree = "<group>"; };
		E90E650F2A8CB89C002A71B6 /* SelectDateViewController.swift */ = {isa = PBXFileReference; lastKnownFileType = sourcecode.swift; path = SelectDateViewController.swift; sourceTree = "<group>"; };
		E90E65112A8CB8CC002A71B6 /* SelectDateViewModel.swift */ = {isa = PBXFileReference; lastKnownFileType = sourcecode.swift; path = SelectDateViewModel.swift; sourceTree = "<group>"; };
		E90E65132A8DDF79002A71B6 /* SpotifyUserProfileDTO.swift */ = {isa = PBXFileReference; lastKnownFileType = sourcecode.swift; path = SpotifyUserProfileDTO.swift; sourceTree = "<group>"; };
		E90E651B2A8DEE23002A71B6 /* SignInCoordinator.swift */ = {isa = PBXFileReference; lastKnownFileType = sourcecode.swift; path = SignInCoordinator.swift; sourceTree = "<group>"; };
		E90E651D2A8DEE65002A71B6 /* SignInViewController.swift */ = {isa = PBXFileReference; lastKnownFileType = sourcecode.swift; path = SignInViewController.swift; sourceTree = "<group>"; };
		E90E651F2A8DEE6F002A71B6 /* SignInViewModel.swift */ = {isa = PBXFileReference; lastKnownFileType = sourcecode.swift; path = SignInViewModel.swift; sourceTree = "<group>"; };
		E90E65212A8DF569002A71B6 /* GoogleService-Info.plist */ = {isa = PBXFileReference; fileEncoding = 4; lastKnownFileType = text.plist.xml; path = "GoogleService-Info.plist"; sourceTree = "<group>"; };
		E90E65232A8DF7B3002A71B6 /* FireBaseNetworkService.swift */ = {isa = PBXFileReference; lastKnownFileType = sourcecode.swift; path = FireBaseNetworkService.swift; sourceTree = "<group>"; };
		E90E65252A8DF975002A71B6 /* DTOProtocol.swift */ = {isa = PBXFileReference; lastKnownFileType = sourcecode.swift; path = DTOProtocol.swift; sourceTree = "<group>"; };
		E90E65272A8DF9F4002A71B6 /* UserDTO.swift */ = {isa = PBXFileReference; lastKnownFileType = sourcecode.swift; path = UserDTO.swift; sourceTree = "<group>"; };
		E90E652D2A8E22C9002A71B6 /* SignUpCoordinator.swift */ = {isa = PBXFileReference; lastKnownFileType = sourcecode.swift; path = SignUpCoordinator.swift; sourceTree = "<group>"; };
		E90E652F2A8E22D7002A71B6 /* SignUpViewController.swift */ = {isa = PBXFileReference; lastKnownFileType = sourcecode.swift; path = SignUpViewController.swift; sourceTree = "<group>"; };
		E90E65312A8E22E4002A71B6 /* SignUpViewModel.swift */ = {isa = PBXFileReference; lastKnownFileType = sourcecode.swift; path = SignUpViewModel.swift; sourceTree = "<group>"; };
		E90E65332A94A9B6002A71B6 /* MeloPlaceDTO.swift */ = {isa = PBXFileReference; lastKnownFileType = sourcecode.swift; path = MeloPlaceDTO.swift; sourceTree = "<group>"; };
		E90E65352A9665B1002A71B6 /* ViewController+Rx.swift */ = {isa = PBXFileReference; lastKnownFileType = sourcecode.swift; path = "ViewController+Rx.swift"; sourceTree = "<group>"; };
		E90E653B2A9876A4002A71B6 /* MeloPlaceDetailCoordinator.swift */ = {isa = PBXFileReference; lastKnownFileType = sourcecode.swift; path = MeloPlaceDetailCoordinator.swift; sourceTree = "<group>"; };
		E90E653D2A9876B2002A71B6 /* MeloPlaceDetailViewController.swift */ = {isa = PBXFileReference; lastKnownFileType = sourcecode.swift; path = MeloPlaceDetailViewController.swift; sourceTree = "<group>"; };
		E90E653F2A9876BB002A71B6 /* MeloPlaceDetailViewModel.swift */ = {isa = PBXFileReference; lastKnownFileType = sourcecode.swift; path = MeloPlaceDetailViewModel.swift; sourceTree = "<group>"; };
		E90E65412A9897D6002A71B6 /* AnnotationView.swift */ = {isa = PBXFileReference; lastKnownFileType = sourcecode.swift; path = AnnotationView.swift; sourceTree = "<group>"; };
		E90E65432A989E87002A71B6 /* UIImage+.swift */ = {isa = PBXFileReference; lastKnownFileType = sourcecode.swift; path = "UIImage+.swift"; sourceTree = "<group>"; };
		E90E65492AA0975A002A71B6 /* MapMeloPlaceListCoordinator.swift */ = {isa = PBXFileReference; lastKnownFileType = sourcecode.swift; path = MapMeloPlaceListCoordinator.swift; sourceTree = "<group>"; };
		E90E654B2AA09766002A71B6 /* MapMeloPlaceListViewController.swift */ = {isa = PBXFileReference; lastKnownFileType = sourcecode.swift; path = MapMeloPlaceListViewController.swift; sourceTree = "<group>"; };
		E90E654D2AA0976E002A71B6 /* MapMeloPlaceListViewModel.swift */ = {isa = PBXFileReference; lastKnownFileType = sourcecode.swift; path = MapMeloPlaceListViewModel.swift; sourceTree = "<group>"; };
		E90E65502AA09D10002A71B6 /* MapMeloPlaceListCollectionCell.swift */ = {isa = PBXFileReference; lastKnownFileType = sourcecode.swift; path = MapMeloPlaceListCollectionCell.swift; sourceTree = "<group>"; };
		E90E65522AA4B90B002A71B6 /* SearchBarView.swift */ = {isa = PBXFileReference; lastKnownFileType = sourcecode.swift; path = SearchBarView.swift; sourceTree = "<group>"; };
		E90E65592AA5C0F5002A71B6 /* SearchCoordintor.swift */ = {isa = PBXFileReference; lastKnownFileType = sourcecode.swift; path = SearchCoordintor.swift; sourceTree = "<group>"; };
		E90E655B2AA5C11A002A71B6 /* SearchViewController.swift */ = {isa = PBXFileReference; lastKnownFileType = sourcecode.swift; path = SearchViewController.swift; sourceTree = "<group>"; };
		E90E655D2AA5C125002A71B6 /* SearchViewModel.swift */ = {isa = PBXFileReference; lastKnownFileType = sourcecode.swift; path = SearchViewModel.swift; sourceTree = "<group>"; };
		E90E655F2AA5CF3A002A71B6 /* Space.swift */ = {isa = PBXFileReference; lastKnownFileType = sourcecode.swift; path = Space.swift; sourceTree = "<group>"; };
		E90E65622AA5D20E002A71B6 /* SearchView.swift */ = {isa = PBXFileReference; lastKnownFileType = sourcecode.swift; path = SearchView.swift; sourceTree = "<group>"; };
		E90E65642AA5D70C002A71B6 /* SearchTableCell.swift */ = {isa = PBXFileReference; lastKnownFileType = sourcecode.swift; path = SearchTableCell.swift; sourceTree = "<group>"; };
		E90E65662AA996DF002A71B6 /* SwiftUIPreView.swift */ = {isa = PBXFileReference; lastKnownFileType = sourcecode.swift; path = SwiftUIPreView.swift; sourceTree = "<group>"; };
		E90E65692AAAEFBC002A71B6 /* UserProfileCollectionCell.swift */ = {isa = PBXFileReference; lastKnownFileType = sourcecode.swift; path = UserProfileCollectionCell.swift; sourceTree = "<group>"; };
		E90E656B2AAAF1CC002A71B6 /* UserProfileSection.swift */ = {isa = PBXFileReference; lastKnownFileType = sourcecode.swift; path = UserProfileSection.swift; sourceTree = "<group>"; };
		E90E656D2AAAF259002A71B6 /* UserProfileLayout.swift */ = {isa = PBXFileReference; lastKnownFileType = sourcecode.swift; path = UserProfileLayout.swift; sourceTree = "<group>"; };
		E90E656F2AAAF3DE002A71B6 /* UserContentCollectionCell.swift */ = {isa = PBXFileReference; lastKnownFileType = sourcecode.swift; path = UserContentCollectionCell.swift; sourceTree = "<group>"; };
		E90E65712AAAF8AA002A71B6 /* User.swift */ = {isa = PBXFileReference; lastKnownFileType = sourcecode.swift; path = User.swift; sourceTree = "<group>"; };
		E90E65762AAB01CB002A71B6 /* FetchUserUseCase.swift */ = {isa = PBXFileReference; lastKnownFileType = sourcecode.swift; path = FetchUserUseCase.swift; sourceTree = "<group>"; };
		E90E657B2AAB03EC002A71B6 /* UserRepository.swift */ = {isa = PBXFileReference; lastKnownFileType = sourcecode.swift; path = UserRepository.swift; sourceTree = "<group>"; };
		E90E657D2AAB09F0002A71B6 /* MeloPlaceRepository.swift */ = {isa = PBXFileReference; lastKnownFileType = sourcecode.swift; path = MeloPlaceRepository.swift; sourceTree = "<group>"; };
		E90E657F2AAB0B89002A71B6 /* FetchMeloPlaceUseCase.swift */ = {isa = PBXFileReference; lastKnownFileType = sourcecode.swift; path = FetchMeloPlaceUseCase.swift; sourceTree = "<group>"; };
		E90E65812AAB127E002A71B6 /* FilterCollectionView.swift */ = {isa = PBXFileReference; lastKnownFileType = sourcecode.swift; path = FilterCollectionView.swift; sourceTree = "<group>"; };
		E90E65832AAB12AD002A71B6 /* FilterCollectionCell.swift */ = {isa = PBXFileReference; lastKnownFileType = sourcecode.swift; path = FilterCollectionCell.swift; sourceTree = "<group>"; };
		E90E65862AAC68B3002A71B6 /* PlayerView.swift */ = {isa = PBXFileReference; lastKnownFileType = sourcecode.swift; path = PlayerView.swift; sourceTree = "<group>"; };
		E90E65882AACA08C002A71B6 /* MeloPlaceDetailCollectionCell.swift */ = {isa = PBXFileReference; lastKnownFileType = sourcecode.swift; path = MeloPlaceDetailCollectionCell.swift; sourceTree = "<group>"; };
		E90E658A2AADCB78002A71B6 /* MeloPlaceDetailView.swift */ = {isa = PBXFileReference; lastKnownFileType = sourcecode.swift; path = MeloPlaceDetailView.swift; sourceTree = "<group>"; };
		F48083693CF0EB1227383675 /* Pods-MeloPlace.release.xcconfig */ = {isa = PBXFileReference; includeInIndex = 1; lastKnownFileType = text.xcconfig; name = "Pods-MeloPlace.release.xcconfig"; path = "Target Support Files/Pods-MeloPlace/Pods-MeloPlace.release.xcconfig"; sourceTree = "<group>"; };
/* End PBXFileReference section */

/* Begin PBXFrameworksBuildPhase section */
		E90E64312A80F3F4002A71B6 /* Frameworks */ = {
			isa = PBXFrameworksBuildPhase;
			buildActionMask = 2147483647;
			files = (
				C2AC055D2C60EABBC7484183 /* Pods_MeloPlace.framework in Frameworks */,
				E90E65052A8B8B28002A71B6 /* SpotifyiOS in Frameworks */,
			);
			runOnlyForDeploymentPostprocessing = 0;
		};
		E90E64472A80F3F6002A71B6 /* Frameworks */ = {
			isa = PBXFrameworksBuildPhase;
			buildActionMask = 2147483647;
			files = (
				F5799F688EC91F2B993C799E /* Pods_MeloPlaceTests.framework in Frameworks */,
			);
			runOnlyForDeploymentPostprocessing = 0;
		};
		E90E64512A80F3F6002A71B6 /* Frameworks */ = {
			isa = PBXFrameworksBuildPhase;
			buildActionMask = 2147483647;
			files = (
				FA5C3C5E8A3EA8B36C6D1BCA /* Pods_MeloPlace_MeloPlaceUITests.framework in Frameworks */,
			);
			runOnlyForDeploymentPostprocessing = 0;
		};
/* End PBXFrameworksBuildPhase section */

/* Begin PBXGroup section */
		539304E78576A6CEA358F46B /* Frameworks */ = {
			isa = PBXGroup;
			children = (
				B8DFD7791FAE279CDDBF779A /* Pods_MeloPlace.framework */,
				9FED2394756A4B4F983B47D3 /* Pods_MeloPlace_MeloPlaceUITests.framework */,
				74DFAEE2E1A6B5551A2A2277 /* Pods_MeloPlaceTests.framework */,
			);
			name = Frameworks;
			sourceTree = "<group>";
		};
		5D24C3BB0636CC182369BD82 /* Pods */ = {
			isa = PBXGroup;
			children = (
				E82026C505C66F896984D8A9 /* Pods-MeloPlace.debug.xcconfig */,
				F48083693CF0EB1227383675 /* Pods-MeloPlace.release.xcconfig */,
				823DF253878761D0D0DFB3C1 /* Pods-MeloPlace-MeloPlaceUITests.debug.xcconfig */,
				CE9541A331ED25298FC60811 /* Pods-MeloPlace-MeloPlaceUITests.release.xcconfig */,
				6CB548D45F29588305B1E44A /* Pods-MeloPlaceTests.debug.xcconfig */,
				3668B8E7D54CB5421DB52AB2 /* Pods-MeloPlaceTests.release.xcconfig */,
			);
			path = Pods;
			sourceTree = "<group>";
		};
		E90E642B2A80F3F4002A71B6 = {
			isa = PBXGroup;
			children = (
				E90E64362A80F3F4002A71B6 /* MeloPlace */,
				E90E644D2A80F3F6002A71B6 /* MeloPlaceTests */,
				E90E64572A80F3F6002A71B6 /* MeloPlaceUITests */,
				E90E64352A80F3F4002A71B6 /* Products */,
				5D24C3BB0636CC182369BD82 /* Pods */,
				539304E78576A6CEA358F46B /* Frameworks */,
			);
			sourceTree = "<group>";
		};
		E90E64352A80F3F4002A71B6 /* Products */ = {
			isa = PBXGroup;
			children = (
				E90E64342A80F3F4002A71B6 /* MeloPlace.app */,
				E90E644A2A80F3F6002A71B6 /* MeloPlaceTests.xctest */,
				E90E64542A80F3F6002A71B6 /* MeloPlaceUITests.xctest */,
			);
			name = Products;
			sourceTree = "<group>";
		};
		E90E64362A80F3F4002A71B6 /* MeloPlace */ = {
			isa = PBXGroup;
			children = (
				E90E64672A80F6BF002A71B6 /* Application */,
				E90E64B32A84CABE002A71B6 /* Util */,
				E90E64BB2A84F35D002A71B6 /* InfraStructure */,
				E90E64F72A8B5557002A71B6 /* Data */,
				E90E64A22A820F3C002A71B6 /* Domain */,
				E90E646C2A80F76C002A71B6 /* Presentation */,
				E90E643D2A80F3F4002A71B6 /* Main.storyboard */,
				E90E64402A80F3F6002A71B6 /* Assets.xcassets */,
				E90E64422A80F3F6002A71B6 /* LaunchScreen.storyboard */,
				E90E64452A80F3F6002A71B6 /* Info.plist */,
				E90E65212A8DF569002A71B6 /* GoogleService-Info.plist */,
				E90E64B82A84EE74002A71B6 /* MeloPlace-Bridging-Header.h */,
			);
			path = MeloPlace;
			sourceTree = "<group>";
		};
		E90E644D2A80F3F6002A71B6 /* MeloPlaceTests */ = {
			isa = PBXGroup;
			children = (
				E90E644E2A80F3F6002A71B6 /* MeloPlaceTests.swift */,
			);
			path = MeloPlaceTests;
			sourceTree = "<group>";
		};
		E90E64572A80F3F6002A71B6 /* MeloPlaceUITests */ = {
			isa = PBXGroup;
			children = (
				E90E64582A80F3F6002A71B6 /* MeloPlaceUITests.swift */,
				E90E645A2A80F3F6002A71B6 /* MeloPlaceUITestsLaunchTests.swift */,
			);
			path = MeloPlaceUITests;
			sourceTree = "<group>";
		};
		E90E64672A80F6BF002A71B6 /* Application */ = {
			isa = PBXGroup;
			children = (
				E90E64372A80F3F4002A71B6 /* AppDelegate.swift */,
				E90E64392A80F3F4002A71B6 /* SceneDelegate.swift */,
				E90E643B2A80F3F4002A71B6 /* ViewController.swift */,
				E90E64682A80F6F8002A71B6 /* CoordinatorProtocol.swift */,
				E90E646A2A80F710002A71B6 /* DIContainer.swift */,
				E90E64892A80F9FC002A71B6 /* AppCoordinator.swift */,
			);
			path = Application;
			sourceTree = "<group>";
		};
		E90E646C2A80F76C002A71B6 /* Presentation */ = {
			isa = PBXGroup;
			children = (
				E90E65552AA5C042002A71B6 /* Search */,
				E90E65452AA09673002A71B6 /* MapMeloPlaceList */,
				E90E65372A987651002A71B6 /* MeloPlaceDetail */,
				E90E65152A8DEDCF002A71B6 /* Sign */,
				E90E65092A8CB826002A71B6 /* Date */,
				E90E64E82A8B460B002A71B6 /* Music */,
				E90E64C42A876A8C002A71B6 /* Location */,
				E90E64A62A823750002A71B6 /* AddMeloPlace */,
				E90E64C32A876A26002A71B6 /* Tab */,
				E90E64852A80F9D6002A71B6 /* Common */,
			);
			path = Presentation;
			sourceTree = "<group>";
		};
		E90E646D2A80F7D3002A71B6 /* Main */ = {
			isa = PBXGroup;
			children = (
				E90E649D2A810B2B002A71B6 /* View */,
				E90E64732A80F916002A71B6 /* ViewModel */,
				E90E64722A80F90E002A71B6 /* ViewController */,
				E90E64712A80F906002A71B6 /* Coordinator */,
			);
			path = Main;
			sourceTree = "<group>";
		};
		E90E646E2A80F7E6002A71B6 /* UserProfile */ = {
			isa = PBXGroup;
			children = (
				E90E65682AAAEF89002A71B6 /* View */,
				E90E64762A80F92A002A71B6 /* ViewModel */,
				E90E64752A80F922002A71B6 /* ViewController */,
				E90E64742A80F91D002A71B6 /* Coordinator */,
			);
			path = UserProfile;
			sourceTree = "<group>";
		};
		E90E646F2A80F7ED002A71B6 /* Map */ = {
			isa = PBXGroup;
			children = (
				E90E64792A80F93A002A71B6 /* ViewModel */,
				E90E64782A80F935002A71B6 /* ViewController */,
				E90E64772A80F92F002A71B6 /* Coordinator */,
			);
			path = Map;
			sourceTree = "<group>";
		};
		E90E64702A80F8FF002A71B6 /* Browse */ = {
			isa = PBXGroup;
			children = (
				E90E647C2A80F94B002A71B6 /* ViewModel */,
				E90E647B2A80F944002A71B6 /* ViewController */,
				E90E647A2A80F93F002A71B6 /* Coordinator */,
			);
			path = Browse;
			sourceTree = "<group>";
		};
		E90E64712A80F906002A71B6 /* Coordinator */ = {
			isa = PBXGroup;
			children = (
				E90E647D2A80F99C002A71B6 /* MainCoordinator.swift */,
			);
			path = Coordinator;
			sourceTree = "<group>";
		};
		E90E64722A80F90E002A71B6 /* ViewController */ = {
			isa = PBXGroup;
			children = (
				E90E64812A80F9BE002A71B6 /* MainViewController.swift */,
			);
			path = ViewController;
			sourceTree = "<group>";
		};
		E90E64732A80F916002A71B6 /* ViewModel */ = {
			isa = PBXGroup;
			children = (
				E90E64832A80F9C8002A71B6 /* MainViewModel.swift */,
			);
			path = ViewModel;
			sourceTree = "<group>";
		};
		E90E64742A80F91D002A71B6 /* Coordinator */ = {
			isa = PBXGroup;
			children = (
				E90E648B2A80FA8C002A71B6 /* UserProfileCoordinator.swift */,
			);
			path = Coordinator;
			sourceTree = "<group>";
		};
		E90E64752A80F922002A71B6 /* ViewController */ = {
			isa = PBXGroup;
			children = (
				E90E648D2A80FA96002A71B6 /* UserProfileViewController.swift */,
			);
			path = ViewController;
			sourceTree = "<group>";
		};
		E90E64762A80F92A002A71B6 /* ViewModel */ = {
			isa = PBXGroup;
			children = (
				E90E648F2A80FAA0002A71B6 /* UserProfileViewModel.swift */,
			);
			path = ViewModel;
			sourceTree = "<group>";
		};
		E90E64772A80F92F002A71B6 /* Coordinator */ = {
			isa = PBXGroup;
			children = (
				E90E64912A80FAA9002A71B6 /* MapCoordinator.swift */,
			);
			path = Coordinator;
			sourceTree = "<group>";
		};
		E90E64782A80F935002A71B6 /* ViewController */ = {
			isa = PBXGroup;
			children = (
				E90E64932A80FAB3002A71B6 /* MapViewController.swift */,
			);
			path = ViewController;
			sourceTree = "<group>";
		};
		E90E64792A80F93A002A71B6 /* ViewModel */ = {
			isa = PBXGroup;
			children = (
				E90E64952A80FABB002A71B6 /* MapViewModel.swift */,
			);
			path = ViewModel;
			sourceTree = "<group>";
		};
		E90E647A2A80F93F002A71B6 /* Coordinator */ = {
			isa = PBXGroup;
			children = (
				E90E64972A80FAD9002A71B6 /* BrowseCoordinator.swift */,
			);
			path = Coordinator;
			sourceTree = "<group>";
		};
		E90E647B2A80F944002A71B6 /* ViewController */ = {
			isa = PBXGroup;
			children = (
				E90E64992A80FAE4002A71B6 /* BrowseViewController.swift */,
			);
			path = ViewController;
			sourceTree = "<group>";
		};
		E90E647C2A80F94B002A71B6 /* ViewModel */ = {
			isa = PBXGroup;
			children = (
				E90E649B2A80FAED002A71B6 /* BrowseViewModel.swift */,
			);
			path = ViewModel;
			sourceTree = "<group>";
		};
		E90E64852A80F9D6002A71B6 /* Common */ = {
			isa = PBXGroup;
			children = (
				E90E64DA2A877F9D002A71B6 /* View */,
				E90E64D42A877991002A71B6 /* Components */,
			);
			path = Common;
			sourceTree = "<group>";
		};
		E90E64862A80F9DB002A71B6 /* Coordinator */ = {
			isa = PBXGroup;
			children = (
				E90E64872A80F9EB002A71B6 /* TabBarCoordinator.swift */,
			);
			path = Coordinator;
			sourceTree = "<group>";
		};
		E90E649D2A810B2B002A71B6 /* View */ = {
			isa = PBXGroup;
			children = (
				E90E649E2A810B37002A71B6 /* MainCollectionViewFlowLayout.swift */,
				E90E64A02A810D3E002A71B6 /* MainCell.swift */,
			);
			path = View;
			sourceTree = "<group>";
		};
		E90E64A22A820F3C002A71B6 /* Domain */ = {
			isa = PBXGroup;
			children = (
				E90E65732AAB017F002A71B6 /* UseCase */,
				E90E64A32A820F44002A71B6 /* Model */,
			);
			path = Domain;
			sourceTree = "<group>";
		};
		E90E64A32A820F44002A71B6 /* Model */ = {
			isa = PBXGroup;
			children = (
				E90E64A42A820FB5002A71B6 /* MeloPlace.swift */,
				E90E64DD2A8781D3002A71B6 /* GeoPoint.swift */,
				E90E64DF2A878228002A71B6 /* Address.swift */,
				E90E64F52A8B51F5002A71B6 /* Music.swift */,
				E90E655F2AA5CF3A002A71B6 /* Space.swift */,
				E90E656B2AAAF1CC002A71B6 /* UserProfileSection.swift */,
				E90E656D2AAAF259002A71B6 /* UserProfileLayout.swift */,
				E90E65712AAAF8AA002A71B6 /* User.swift */,
			);
			path = Model;
			sourceTree = "<group>";
		};
		E90E64A62A823750002A71B6 /* AddMeloPlace */ = {
			isa = PBXGroup;
			children = (
				E90E64AA2A823780002A71B6 /* View */,
				E90E64A92A82377C002A71B6 /* ViewModel */,
				E90E64A82A823777002A71B6 /* ViewController */,
				E90E64A72A823771002A71B6 /* Coordinator */,
			);
			path = AddMeloPlace;
			sourceTree = "<group>";
		};
		E90E64A72A823771002A71B6 /* Coordinator */ = {
			isa = PBXGroup;
			children = (
				E90E64AB2A8237AD002A71B6 /* AddMeloPlaceCoordinator.swift */,
			);
			path = Coordinator;
			sourceTree = "<group>";
		};
		E90E64A82A823777002A71B6 /* ViewController */ = {
			isa = PBXGroup;
			children = (
				E90E64AD2A823812002A71B6 /* AddMeloPlaceViewController.swift */,
			);
			path = ViewController;
			sourceTree = "<group>";
		};
		E90E64A92A82377C002A71B6 /* ViewModel */ = {
			isa = PBXGroup;
			children = (
				E90E64AF2A82384E002A71B6 /* AddMeloPlaceViewModel.swift */,
			);
			path = ViewModel;
			sourceTree = "<group>";
		};
		E90E64AA2A823780002A71B6 /* View */ = {
			isa = PBXGroup;
			children = (
				E90E64B12A824BDF002A71B6 /* AddMeloPlaceView.swift */,
			);
			path = View;
			sourceTree = "<group>";
		};
		E90E64B32A84CABE002A71B6 /* Util */ = {
			isa = PBXGroup;
			children = (
				E90E64B42A84CAD5002A71B6 /* Extension.swift */,
				E90E64E12A87864C002A71B6 /* Array+.swift */,
				E90E64E32A878797002A71B6 /* CLLocationManager+RX.swift */,
				E90E64E52A8787D0002A71B6 /* MKMapView+RX.swift */,
				E90E65352A9665B1002A71B6 /* ViewController+Rx.swift */,
				E90E65432A989E87002A71B6 /* UIImage+.swift */,
				E90E65662AA996DF002A71B6 /* SwiftUIPreView.swift */,
			);
			path = Util;
			sourceTree = "<group>";
		};
		E90E64BB2A84F35D002A71B6 /* InfraStructure */ = {
			isa = PBXGroup;
			children = (
				E90E64BC2A84F37E002A71B6 /* Spotify.swift */,
				E90E64BE2A84F578002A71B6 /* SpotifyViewController.swift */,
				E90E64DB2A87806D002A71B6 /* LocationManager.swift */,
				E90E65232A8DF7B3002A71B6 /* FireBaseNetworkService.swift */,
			);
			path = InfraStructure;
			sourceTree = "<group>";
		};
		E90E64C32A876A26002A71B6 /* Tab */ = {
			isa = PBXGroup;
			children = (
				E90E64862A80F9DB002A71B6 /* Coordinator */,
				E90E64702A80F8FF002A71B6 /* Browse */,
				E90E646F2A80F7ED002A71B6 /* Map */,
				E90E646E2A80F7E6002A71B6 /* UserProfile */,
				E90E646D2A80F7D3002A71B6 /* Main */,
			);
			path = Tab;
			sourceTree = "<group>";
		};
		E90E64C42A876A8C002A71B6 /* Location */ = {
			isa = PBXGroup;
			children = (
				E90E64D92A877F8B002A71B6 /* View */,
				E90E64C72A876AA4002A71B6 /* ViewModel */,
				E90E64C62A876A9F002A71B6 /* ViewController */,
				E90E64C52A876A98002A71B6 /* Coordinator */,
			);
			path = Location;
			sourceTree = "<group>";
		};
		E90E64C52A876A98002A71B6 /* Coordinator */ = {
			isa = PBXGroup;
			children = (
				E90E64CC2A876E6B002A71B6 /* MeloLocationCoordinator.swift */,
			);
			path = Coordinator;
			sourceTree = "<group>";
		};
		E90E64C62A876A9F002A71B6 /* ViewController */ = {
			isa = PBXGroup;
			children = (
				E90E64C82A876AD7002A71B6 /* MeloLocationViewController.swift */,
			);
			path = ViewController;
			sourceTree = "<group>";
		};
		E90E64C72A876AA4002A71B6 /* ViewModel */ = {
			isa = PBXGroup;
			children = (
				E90E64CA2A876E40002A71B6 /* MeloLocationViewModel.swift */,
			);
			path = ViewModel;
			sourceTree = "<group>";
		};
		E90E64D42A877991002A71B6 /* Components */ = {
			isa = PBXGroup;
			children = (
				E90E64D22A877901002A71B6 /* ThemeButton.swift */,
				E90E64D52A8779AC002A71B6 /* ThemeColor.swift */,
				E90E64D72A877D09002A71B6 /* ThemeFont.swift */,
			);
			path = Components;
			sourceTree = "<group>";
		};
		E90E64D92A877F8B002A71B6 /* View */ = {
			isa = PBXGroup;
			children = (
				E90E64CE2A876ED3002A71B6 /* MeloLocationView.swift */,
			);
			path = View;
			sourceTree = "<group>";
		};
		E90E64DA2A877F9D002A71B6 /* View */ = {
			isa = PBXGroup;
			children = (
				E90E64D02A8773DF002A71B6 /* MapView.swift */,
				E90E65412A9897D6002A71B6 /* AnnotationView.swift */,
				E90E65522AA4B90B002A71B6 /* SearchBarView.swift */,
			);
			path = View;
			sourceTree = "<group>";
		};
		E90E64E82A8B460B002A71B6 /* Music */ = {
			isa = PBXGroup;
			children = (
				E90E65062A8BE817002A71B6 /* MusicPlayer */,
				E90E64FC2A8B6227002A71B6 /* MusicList */,
			);
			path = Music;
			sourceTree = "<group>";
		};
		E90E64E92A8B4632002A71B6 /* Coordinator */ = {
			isa = PBXGroup;
			children = (
				E90E64ED2A8B4688002A71B6 /* MusicListCoordinator.swift */,
			);
			path = Coordinator;
			sourceTree = "<group>";
		};
		E90E64EA2A8B4638002A71B6 /* ViewController */ = {
			isa = PBXGroup;
			children = (
				E90E64EF2A8B4734002A71B6 /* MusicListViewController.swift */,
			);
			path = ViewController;
			sourceTree = "<group>";
		};
		E90E64EB2A8B4640002A71B6 /* ViewModel */ = {
			isa = PBXGroup;
			children = (
				E90E64F12A8B47D0002A71B6 /* MusicListViewModel.swift */,
			);
			path = ViewModel;
			sourceTree = "<group>";
		};
		E90E64EC2A8B4652002A71B6 /* View */ = {
			isa = PBXGroup;
			children = (
				E90E64F32A8B4FE6002A71B6 /* MusicListCollectionCell.swift */,
			);
			path = View;
			sourceTree = "<group>";
		};
		E90E64F72A8B5557002A71B6 /* Data */ = {
			isa = PBXGroup;
			children = (
				E90E65782AAB0377002A71B6 /* Repository */,
				E90E64F82A8B5562002A71B6 /* Service */,
			);
			path = Data;
			sourceTree = "<group>";
		};
		E90E64F82A8B5562002A71B6 /* Service */ = {
			isa = PBXGroup;
			children = (
				E90E64FD2A8B74D0002A71B6 /* DTO */,
				E90E64F92A8B556D002A71B6 /* Spotify */,
			);
			path = Service;
			sourceTree = "<group>";
		};
		E90E64F92A8B556D002A71B6 /* Spotify */ = {
			isa = PBXGroup;
			children = (
				E90E64FA2A8B5586002A71B6 /* SpotifyService.swift */,
			);
			path = Spotify;
			sourceTree = "<group>";
		};
		E90E64FC2A8B6227002A71B6 /* MusicList */ = {
			isa = PBXGroup;
			children = (
				E90E64EC2A8B4652002A71B6 /* View */,
				E90E64EB2A8B4640002A71B6 /* ViewModel */,
				E90E64EA2A8B4638002A71B6 /* ViewController */,
				E90E64E92A8B4632002A71B6 /* Coordinator */,
			);
			path = MusicList;
			sourceTree = "<group>";
		};
		E90E64FD2A8B74D0002A71B6 /* DTO */ = {
			isa = PBXGroup;
			children = (
				E90E64FE2A8B74D6002A71B6 /* SpotifySearchDTO.swift */,
				E90E65132A8DDF79002A71B6 /* SpotifyUserProfileDTO.swift */,
				E90E65252A8DF975002A71B6 /* DTOProtocol.swift */,
				E90E65272A8DF9F4002A71B6 /* UserDTO.swift */,
				E90E65332A94A9B6002A71B6 /* MeloPlaceDTO.swift */,
			);
			path = DTO;
			sourceTree = "<group>";
		};
		E90E65062A8BE817002A71B6 /* MusicPlayer */ = {
			isa = PBXGroup;
			children = (
				E90E65082A8BE82E002A71B6 /* ViewController */,
				E90E65072A8BE821002A71B6 /* Coordinator */,
			);
			path = MusicPlayer;
			sourceTree = "<group>";
		};
		E90E65072A8BE821002A71B6 /* Coordinator */ = {
			isa = PBXGroup;
			children = (
			);
			path = Coordinator;
			sourceTree = "<group>";
		};
		E90E65082A8BE82E002A71B6 /* ViewController */ = {
			isa = PBXGroup;
			children = (
			);
			path = ViewController;
			sourceTree = "<group>";
		};
		E90E65092A8CB826002A71B6 /* Date */ = {
			isa = PBXGroup;
			children = (
				E90E650C2A8CB852002A71B6 /* ViewModel */,
				E90E650B2A8CB845002A71B6 /* ViewContoller */,
				E90E650A2A8CB839002A71B6 /* Coordinator */,
			);
			path = Date;
			sourceTree = "<group>";
		};
		E90E650A2A8CB839002A71B6 /* Coordinator */ = {
			isa = PBXGroup;
			children = (
				E90E650D2A8CB881002A71B6 /* SelectDateCoordinator.swift */,
			);
			path = Coordinator;
			sourceTree = "<group>";
		};
		E90E650B2A8CB845002A71B6 /* ViewContoller */ = {
			isa = PBXGroup;
			children = (
				E90E650F2A8CB89C002A71B6 /* SelectDateViewController.swift */,
			);
			path = ViewContoller;
			sourceTree = "<group>";
		};
		E90E650C2A8CB852002A71B6 /* ViewModel */ = {
			isa = PBXGroup;
			children = (
				E90E65112A8CB8CC002A71B6 /* SelectDateViewModel.swift */,
			);
			path = ViewModel;
			sourceTree = "<group>";
		};
		E90E65152A8DEDCF002A71B6 /* Sign */ = {
			isa = PBXGroup;
			children = (
				E90E65292A8E2292002A71B6 /* SignUp */,
				E90E65162A8DEDD5002A71B6 /* SignIn */,
			);
			path = Sign;
			sourceTree = "<group>";
		};
		E90E65162A8DEDD5002A71B6 /* SignIn */ = {
			isa = PBXGroup;
			children = (
				E90E65192A8DEDFF002A71B6 /* SignInViewModel */,
				E90E65182A8DEDEF002A71B6 /* SignInViewController */,
				E90E65172A8DEDDD002A71B6 /* SignInCoordinator */,
			);
			path = SignIn;
			sourceTree = "<group>";
		};
		E90E65172A8DEDDD002A71B6 /* SignInCoordinator */ = {
			isa = PBXGroup;
			children = (
				E90E651B2A8DEE23002A71B6 /* SignInCoordinator.swift */,
			);
			path = SignInCoordinator;
			sourceTree = "<group>";
		};
		E90E65182A8DEDEF002A71B6 /* SignInViewController */ = {
			isa = PBXGroup;
			children = (
				E90E651D2A8DEE65002A71B6 /* SignInViewController.swift */,
			);
			path = SignInViewController;
			sourceTree = "<group>";
		};
		E90E65192A8DEDFF002A71B6 /* SignInViewModel */ = {
			isa = PBXGroup;
			children = (
				E90E651F2A8DEE6F002A71B6 /* SignInViewModel.swift */,
			);
			path = SignInViewModel;
			sourceTree = "<group>";
		};
		E90E65292A8E2292002A71B6 /* SignUp */ = {
			isa = PBXGroup;
			children = (
				E90E652C2A8E22AC002A71B6 /* SignUpViewModel */,
				E90E652B2A8E22A2002A71B6 /* SignUpViewController */,
				E90E652A2A8E2299002A71B6 /* SignUpCoordinator */,
			);
			path = SignUp;
			sourceTree = "<group>";
		};
		E90E652A2A8E2299002A71B6 /* SignUpCoordinator */ = {
			isa = PBXGroup;
			children = (
				E90E652D2A8E22C9002A71B6 /* SignUpCoordinator.swift */,
			);
			path = SignUpCoordinator;
			sourceTree = "<group>";
		};
		E90E652B2A8E22A2002A71B6 /* SignUpViewController */ = {
			isa = PBXGroup;
			children = (
				E90E652F2A8E22D7002A71B6 /* SignUpViewController.swift */,
			);
			path = SignUpViewController;
			sourceTree = "<group>";
		};
		E90E652C2A8E22AC002A71B6 /* SignUpViewModel */ = {
			isa = PBXGroup;
			children = (
				E90E65312A8E22E4002A71B6 /* SignUpViewModel.swift */,
			);
			path = SignUpViewModel;
			sourceTree = "<group>";
		};
		E90E65372A987651002A71B6 /* MeloPlaceDetail */ = {
			isa = PBXGroup;
			children = (
				E90E65852AAC6898002A71B6 /* View */,
				E90E653A2A987674002A71B6 /* ViewModel */,
				E90E65392A98766E002A71B6 /* ViewController */,
				E90E65382A987668002A71B6 /* Coordinator */,
			);
			path = MeloPlaceDetail;
			sourceTree = "<group>";
		};
		E90E65382A987668002A71B6 /* Coordinator */ = {
			isa = PBXGroup;
			children = (
				E90E653B2A9876A4002A71B6 /* MeloPlaceDetailCoordinator.swift */,
			);
			path = Coordinator;
			sourceTree = "<group>";
		};
		E90E65392A98766E002A71B6 /* ViewController */ = {
			isa = PBXGroup;
			children = (
				E90E653D2A9876B2002A71B6 /* MeloPlaceDetailViewController.swift */,
			);
			path = ViewController;
			sourceTree = "<group>";
		};
		E90E653A2A987674002A71B6 /* ViewModel */ = {
			isa = PBXGroup;
			children = (
				E90E653F2A9876BB002A71B6 /* MeloPlaceDetailViewModel.swift */,
			);
			path = ViewModel;
			sourceTree = "<group>";
		};
		E90E65452AA09673002A71B6 /* MapMeloPlaceList */ = {
			isa = PBXGroup;
			children = (
				E90E654F2AA09CD1002A71B6 /* View */,
				E90E65482AA0974A002A71B6 /* ViewModel */,
				E90E65472AA09740002A71B6 /* ViewController */,
				E90E65462AA09731002A71B6 /* Coordinator */,
			);
			path = MapMeloPlaceList;
			sourceTree = "<group>";
		};
		E90E65462AA09731002A71B6 /* Coordinator */ = {
			isa = PBXGroup;
			children = (
				E90E65492AA0975A002A71B6 /* MapMeloPlaceListCoordinator.swift */,
			);
			path = Coordinator;
			sourceTree = "<group>";
		};
		E90E65472AA09740002A71B6 /* ViewController */ = {
			isa = PBXGroup;
			children = (
				E90E654B2AA09766002A71B6 /* MapMeloPlaceListViewController.swift */,
			);
			path = ViewController;
			sourceTree = "<group>";
		};
		E90E65482AA0974A002A71B6 /* ViewModel */ = {
			isa = PBXGroup;
			children = (
				E90E654D2AA0976E002A71B6 /* MapMeloPlaceListViewModel.swift */,
			);
			path = ViewModel;
			sourceTree = "<group>";
		};
		E90E654F2AA09CD1002A71B6 /* View */ = {
			isa = PBXGroup;
			children = (
				E90E65502AA09D10002A71B6 /* MapMeloPlaceListCollectionCell.swift */,
			);
			path = View;
			sourceTree = "<group>";
		};
		E90E65552AA5C042002A71B6 /* Search */ = {
			isa = PBXGroup;
			children = (
				E90E65612AA5D1F6002A71B6 /* View */,
				E90E65582AA5C06C002A71B6 /* ViewModel */,
				E90E65572AA5C066002A71B6 /* ViewController */,
				E90E65562AA5C04A002A71B6 /* Coordinator */,
			);
			path = Search;
			sourceTree = "<group>";
		};
		E90E65562AA5C04A002A71B6 /* Coordinator */ = {
			isa = PBXGroup;
			children = (
				E90E65592AA5C0F5002A71B6 /* SearchCoordintor.swift */,
			);
			path = Coordinator;
			sourceTree = "<group>";
		};
		E90E65572AA5C066002A71B6 /* ViewController */ = {
			isa = PBXGroup;
			children = (
				E90E655B2AA5C11A002A71B6 /* SearchViewController.swift */,
			);
			path = ViewController;
			sourceTree = "<group>";
		};
		E90E65582AA5C06C002A71B6 /* ViewModel */ = {
			isa = PBXGroup;
			children = (
				E90E655D2AA5C125002A71B6 /* SearchViewModel.swift */,
			);
			path = ViewModel;
			sourceTree = "<group>";
		};
		E90E65612AA5D1F6002A71B6 /* View */ = {
			isa = PBXGroup;
			children = (
				E90E65622AA5D20E002A71B6 /* SearchView.swift */,
				E90E65642AA5D70C002A71B6 /* SearchTableCell.swift */,
			);
			path = View;
			sourceTree = "<group>";
		};
		E90E65682AAAEF89002A71B6 /* View */ = {
			isa = PBXGroup;
			children = (
				E90E65692AAAEFBC002A71B6 /* UserProfileCollectionCell.swift */,
				E90E656F2AAAF3DE002A71B6 /* UserContentCollectionCell.swift */,
				E90E65812AAB127E002A71B6 /* FilterCollectionView.swift */,
				E90E65832AAB12AD002A71B6 /* FilterCollectionCell.swift */,
			);
			path = View;
			sourceTree = "<group>";
		};
		E90E65732AAB017F002A71B6 /* UseCase */ = {
			isa = PBXGroup;
			children = (
				E90E65752AAB01A3002A71B6 /* MeloPlace */,
				E90E65742AAB018D002A71B6 /* User */,
			);
			path = UseCase;
			sourceTree = "<group>";
		};
		E90E65742AAB018D002A71B6 /* User */ = {
			isa = PBXGroup;
			children = (
				E90E65762AAB01CB002A71B6 /* FetchUserUseCase.swift */,
			);
			path = User;
			sourceTree = "<group>";
		};
		E90E65752AAB01A3002A71B6 /* MeloPlace */ = {
			isa = PBXGroup;
			children = (
				E90E657F2AAB0B89002A71B6 /* FetchMeloPlaceUseCase.swift */,
			);
			path = MeloPlace;
			sourceTree = "<group>";
		};
		E90E65782AAB0377002A71B6 /* Repository */ = {
			isa = PBXGroup;
			children = (
				E90E657A2AAB03D6002A71B6 /* MeloPlace */,
				E90E65792AAB03CE002A71B6 /* User */,
			);
			path = Repository;
			sourceTree = "<group>";
		};
		E90E65792AAB03CE002A71B6 /* User */ = {
			isa = PBXGroup;
			children = (
				E90E657B2AAB03EC002A71B6 /* UserRepository.swift */,
			);
			path = User;
			sourceTree = "<group>";
		};
		E90E657A2AAB03D6002A71B6 /* MeloPlace */ = {
			isa = PBXGroup;
			children = (
				E90E657D2AAB09F0002A71B6 /* MeloPlaceRepository.swift */,
			);
			path = MeloPlace;
			sourceTree = "<group>";
		};
		E90E65852AAC6898002A71B6 /* View */ = {
			isa = PBXGroup;
			children = (
				E90E65862AAC68B3002A71B6 /* PlayerView.swift */,
				E90E65882AACA08C002A71B6 /* MeloPlaceDetailCollectionCell.swift */,
				E90E658A2AADCB78002A71B6 /* MeloPlaceDetailView.swift */,
			);
			path = View;
			sourceTree = "<group>";
		};
/* End PBXGroup section */

/* Begin PBXNativeTarget section */
		E90E64332A80F3F4002A71B6 /* MeloPlace */ = {
			isa = PBXNativeTarget;
			buildConfigurationList = E90E645E2A80F3F6002A71B6 /* Build configuration list for PBXNativeTarget "MeloPlace" */;
			buildPhases = (
				D9EA46503DBBCC087665C7E9 /* [CP] Check Pods Manifest.lock */,
				E90E64302A80F3F4002A71B6 /* Sources */,
				E90E64312A80F3F4002A71B6 /* Frameworks */,
				E90E64322A80F3F4002A71B6 /* Resources */,
				FB74CAF756A0D3A6F0D3BF5C /* [CP] Embed Pods Frameworks */,
			);
			buildRules = (
			);
			dependencies = (
			);
			name = MeloPlace;
			packageProductDependencies = (
				E90E65042A8B8B28002A71B6 /* SpotifyiOS */,
			);
			productName = MeloPlace;
			productReference = E90E64342A80F3F4002A71B6 /* MeloPlace.app */;
			productType = "com.apple.product-type.application";
		};
		E90E64492A80F3F6002A71B6 /* MeloPlaceTests */ = {
			isa = PBXNativeTarget;
			buildConfigurationList = E90E64612A80F3F6002A71B6 /* Build configuration list for PBXNativeTarget "MeloPlaceTests" */;
			buildPhases = (
				635B96BB4FD43DB082C25E5D /* [CP] Check Pods Manifest.lock */,
				E90E64462A80F3F6002A71B6 /* Sources */,
				E90E64472A80F3F6002A71B6 /* Frameworks */,
				E90E64482A80F3F6002A71B6 /* Resources */,
			);
			buildRules = (
			);
			dependencies = (
				E90E644C2A80F3F6002A71B6 /* PBXTargetDependency */,
			);
			name = MeloPlaceTests;
			productName = MeloPlaceTests;
			productReference = E90E644A2A80F3F6002A71B6 /* MeloPlaceTests.xctest */;
			productType = "com.apple.product-type.bundle.unit-test";
		};
		E90E64532A80F3F6002A71B6 /* MeloPlaceUITests */ = {
			isa = PBXNativeTarget;
			buildConfigurationList = E90E64642A80F3F6002A71B6 /* Build configuration list for PBXNativeTarget "MeloPlaceUITests" */;
			buildPhases = (
				8ED23220C24B3B9F94927E86 /* [CP] Check Pods Manifest.lock */,
				E90E64502A80F3F6002A71B6 /* Sources */,
				E90E64512A80F3F6002A71B6 /* Frameworks */,
				E90E64522A80F3F6002A71B6 /* Resources */,
				D03DFF4DADE9B75B1A5850DB /* [CP] Embed Pods Frameworks */,
			);
			buildRules = (
			);
			dependencies = (
				E90E64562A80F3F6002A71B6 /* PBXTargetDependency */,
			);
			name = MeloPlaceUITests;
			productName = MeloPlaceUITests;
			productReference = E90E64542A80F3F6002A71B6 /* MeloPlaceUITests.xctest */;
			productType = "com.apple.product-type.bundle.ui-testing";
		};
/* End PBXNativeTarget section */

/* Begin PBXProject section */
		E90E642C2A80F3F4002A71B6 /* Project object */ = {
			isa = PBXProject;
			attributes = {
				BuildIndependentTargetsInParallel = 1;
				LastSwiftUpdateCheck = 1430;
				LastUpgradeCheck = 1430;
				TargetAttributes = {
					E90E64332A80F3F4002A71B6 = {
						CreatedOnToolsVersion = 14.3.1;
						LastSwiftMigration = 1430;
					};
					E90E64492A80F3F6002A71B6 = {
						CreatedOnToolsVersion = 14.3.1;
						TestTargetID = E90E64332A80F3F4002A71B6;
					};
					E90E64532A80F3F6002A71B6 = {
						CreatedOnToolsVersion = 14.3.1;
						TestTargetID = E90E64332A80F3F4002A71B6;
					};
				};
			};
			buildConfigurationList = E90E642F2A80F3F4002A71B6 /* Build configuration list for PBXProject "MeloPlace" */;
			compatibilityVersion = "Xcode 14.0";
			developmentRegion = en;
			hasScannedForEncodings = 0;
			knownRegions = (
				en,
				Base,
			);
			mainGroup = E90E642B2A80F3F4002A71B6;
			packageReferences = (
				E90E65032A8B8B28002A71B6 /* XCRemoteSwiftPackageReference "ios-sdk" */,
			);
			productRefGroup = E90E64352A80F3F4002A71B6 /* Products */;
			projectDirPath = "";
			projectRoot = "";
			targets = (
				E90E64332A80F3F4002A71B6 /* MeloPlace */,
				E90E64492A80F3F6002A71B6 /* MeloPlaceTests */,
				E90E64532A80F3F6002A71B6 /* MeloPlaceUITests */,
			);
		};
/* End PBXProject section */

/* Begin PBXResourcesBuildPhase section */
		E90E64322A80F3F4002A71B6 /* Resources */ = {
			isa = PBXResourcesBuildPhase;
			buildActionMask = 2147483647;
			files = (
				E90E64442A80F3F6002A71B6 /* LaunchScreen.storyboard in Resources */,
				E90E65222A8DF569002A71B6 /* GoogleService-Info.plist in Resources */,
				E90E64412A80F3F6002A71B6 /* Assets.xcassets in Resources */,
				E90E643F2A80F3F4002A71B6 /* Main.storyboard in Resources */,
			);
			runOnlyForDeploymentPostprocessing = 0;
		};
		E90E64482A80F3F6002A71B6 /* Resources */ = {
			isa = PBXResourcesBuildPhase;
			buildActionMask = 2147483647;
			files = (
			);
			runOnlyForDeploymentPostprocessing = 0;
		};
		E90E64522A80F3F6002A71B6 /* Resources */ = {
			isa = PBXResourcesBuildPhase;
			buildActionMask = 2147483647;
			files = (
			);
			runOnlyForDeploymentPostprocessing = 0;
		};
/* End PBXResourcesBuildPhase section */

/* Begin PBXShellScriptBuildPhase section */
		635B96BB4FD43DB082C25E5D /* [CP] Check Pods Manifest.lock */ = {
			isa = PBXShellScriptBuildPhase;
			buildActionMask = 2147483647;
			files = (
			);
			inputFileListPaths = (
			);
			inputPaths = (
				"${PODS_PODFILE_DIR_PATH}/Podfile.lock",
				"${PODS_ROOT}/Manifest.lock",
			);
			name = "[CP] Check Pods Manifest.lock";
			outputFileListPaths = (
			);
			outputPaths = (
				"$(DERIVED_FILE_DIR)/Pods-MeloPlaceTests-checkManifestLockResult.txt",
			);
			runOnlyForDeploymentPostprocessing = 0;
			shellPath = /bin/sh;
			shellScript = "diff \"${PODS_PODFILE_DIR_PATH}/Podfile.lock\" \"${PODS_ROOT}/Manifest.lock\" > /dev/null\nif [ $? != 0 ] ; then\n    # print error to STDERR\n    echo \"error: The sandbox is not in sync with the Podfile.lock. Run 'pod install' or update your CocoaPods installation.\" >&2\n    exit 1\nfi\n# This output is used by Xcode 'outputs' to avoid re-running this script phase.\necho \"SUCCESS\" > \"${SCRIPT_OUTPUT_FILE_0}\"\n";
			showEnvVarsInLog = 0;
		};
		8ED23220C24B3B9F94927E86 /* [CP] Check Pods Manifest.lock */ = {
			isa = PBXShellScriptBuildPhase;
			buildActionMask = 2147483647;
			files = (
			);
			inputFileListPaths = (
			);
			inputPaths = (
				"${PODS_PODFILE_DIR_PATH}/Podfile.lock",
				"${PODS_ROOT}/Manifest.lock",
			);
			name = "[CP] Check Pods Manifest.lock";
			outputFileListPaths = (
			);
			outputPaths = (
				"$(DERIVED_FILE_DIR)/Pods-MeloPlace-MeloPlaceUITests-checkManifestLockResult.txt",
			);
			runOnlyForDeploymentPostprocessing = 0;
			shellPath = /bin/sh;
			shellScript = "diff \"${PODS_PODFILE_DIR_PATH}/Podfile.lock\" \"${PODS_ROOT}/Manifest.lock\" > /dev/null\nif [ $? != 0 ] ; then\n    # print error to STDERR\n    echo \"error: The sandbox is not in sync with the Podfile.lock. Run 'pod install' or update your CocoaPods installation.\" >&2\n    exit 1\nfi\n# This output is used by Xcode 'outputs' to avoid re-running this script phase.\necho \"SUCCESS\" > \"${SCRIPT_OUTPUT_FILE_0}\"\n";
			showEnvVarsInLog = 0;
		};
		D03DFF4DADE9B75B1A5850DB /* [CP] Embed Pods Frameworks */ = {
			isa = PBXShellScriptBuildPhase;
			buildActionMask = 2147483647;
			files = (
			);
			inputFileListPaths = (
				"${PODS_ROOT}/Target Support Files/Pods-MeloPlace-MeloPlaceUITests/Pods-MeloPlace-MeloPlaceUITests-frameworks-${CONFIGURATION}-input-files.xcfilelist",
			);
			name = "[CP] Embed Pods Frameworks";
			outputFileListPaths = (
				"${PODS_ROOT}/Target Support Files/Pods-MeloPlace-MeloPlaceUITests/Pods-MeloPlace-MeloPlaceUITests-frameworks-${CONFIGURATION}-output-files.xcfilelist",
			);
			runOnlyForDeploymentPostprocessing = 0;
			shellPath = /bin/sh;
			shellScript = "\"${PODS_ROOT}/Target Support Files/Pods-MeloPlace-MeloPlaceUITests/Pods-MeloPlace-MeloPlaceUITests-frameworks.sh\"\n";
			showEnvVarsInLog = 0;
		};
		D9EA46503DBBCC087665C7E9 /* [CP] Check Pods Manifest.lock */ = {
			isa = PBXShellScriptBuildPhase;
			buildActionMask = 2147483647;
			files = (
			);
			inputFileListPaths = (
			);
			inputPaths = (
				"${PODS_PODFILE_DIR_PATH}/Podfile.lock",
				"${PODS_ROOT}/Manifest.lock",
			);
			name = "[CP] Check Pods Manifest.lock";
			outputFileListPaths = (
			);
			outputPaths = (
				"$(DERIVED_FILE_DIR)/Pods-MeloPlace-checkManifestLockResult.txt",
			);
			runOnlyForDeploymentPostprocessing = 0;
			shellPath = /bin/sh;
			shellScript = "diff \"${PODS_PODFILE_DIR_PATH}/Podfile.lock\" \"${PODS_ROOT}/Manifest.lock\" > /dev/null\nif [ $? != 0 ] ; then\n    # print error to STDERR\n    echo \"error: The sandbox is not in sync with the Podfile.lock. Run 'pod install' or update your CocoaPods installation.\" >&2\n    exit 1\nfi\n# This output is used by Xcode 'outputs' to avoid re-running this script phase.\necho \"SUCCESS\" > \"${SCRIPT_OUTPUT_FILE_0}\"\n";
			showEnvVarsInLog = 0;
		};
		FB74CAF756A0D3A6F0D3BF5C /* [CP] Embed Pods Frameworks */ = {
			isa = PBXShellScriptBuildPhase;
			buildActionMask = 2147483647;
			files = (
			);
			inputFileListPaths = (
				"${PODS_ROOT}/Target Support Files/Pods-MeloPlace/Pods-MeloPlace-frameworks-${CONFIGURATION}-input-files.xcfilelist",
			);
			name = "[CP] Embed Pods Frameworks";
			outputFileListPaths = (
				"${PODS_ROOT}/Target Support Files/Pods-MeloPlace/Pods-MeloPlace-frameworks-${CONFIGURATION}-output-files.xcfilelist",
			);
			runOnlyForDeploymentPostprocessing = 0;
			shellPath = /bin/sh;
			shellScript = "\"${PODS_ROOT}/Target Support Files/Pods-MeloPlace/Pods-MeloPlace-frameworks.sh\"\n";
			showEnvVarsInLog = 0;
		};
/* End PBXShellScriptBuildPhase section */

/* Begin PBXSourcesBuildPhase section */
		E90E64302A80F3F4002A71B6 /* Sources */ = {
			isa = PBXSourcesBuildPhase;
			buildActionMask = 2147483647;
			files = (
				E90E653E2A9876B2002A71B6 /* MeloPlaceDetailViewController.swift in Sources */,
				E90E655C2AA5C11A002A71B6 /* SearchViewController.swift in Sources */,
				E90E64822A80F9BE002A71B6 /* MainViewController.swift in Sources */,
				E90E655A2AA5C0F5002A71B6 /* SearchCoordintor.swift in Sources */,
				E90E64882A80F9EB002A71B6 /* TabBarCoordinator.swift in Sources */,
				E90E64BD2A84F37E002A71B6 /* Spotify.swift in Sources */,
				E90E64AE2A823812002A71B6 /* AddMeloPlaceViewController.swift in Sources */,
				E90E64A52A820FB5002A71B6 /* MeloPlace.swift in Sources */,
				E90E65722AAAF8AA002A71B6 /* User.swift in Sources */,
				E90E65122A8CB8CC002A71B6 /* SelectDateViewModel.swift in Sources */,
				E90E65342A94A9B6002A71B6 /* MeloPlaceDTO.swift in Sources */,
				E90E65872AAC68B3002A71B6 /* PlayerView.swift in Sources */,
				E90E65772AAB01CB002A71B6 /* FetchUserUseCase.swift in Sources */,
				E90E64982A80FAD9002A71B6 /* BrowseCoordinator.swift in Sources */,
				E90E65512AA09D10002A71B6 /* MapMeloPlaceListCollectionCell.swift in Sources */,
				E90E65842AAB12AD002A71B6 /* FilterCollectionCell.swift in Sources */,
				E90E648A2A80F9FC002A71B6 /* AppCoordinator.swift in Sources */,
				E90E64902A80FAA0002A71B6 /* UserProfileViewModel.swift in Sources */,
				E90E643C2A80F3F4002A71B6 /* ViewController.swift in Sources */,
				E90E64D12A8773DF002A71B6 /* MapView.swift in Sources */,
				E90E64CB2A876E40002A71B6 /* MeloLocationViewModel.swift in Sources */,
				E90E64F02A8B4734002A71B6 /* MusicListViewController.swift in Sources */,
				E90E655E2AA5C125002A71B6 /* SearchViewModel.swift in Sources */,
				E90E65322A8E22E4002A71B6 /* SignUpViewModel.swift in Sources */,
				E90E657C2AAB03EC002A71B6 /* UserRepository.swift in Sources */,
				E90E649A2A80FAE4002A71B6 /* BrowseViewController.swift in Sources */,
				E90E657E2AAB09F0002A71B6 /* MeloPlaceRepository.swift in Sources */,
				E90E656A2AAAEFBC002A71B6 /* UserProfileCollectionCell.swift in Sources */,
				E90E65822AAB127E002A71B6 /* FilterCollectionView.swift in Sources */,
				E90E64B22A824BDF002A71B6 /* AddMeloPlaceView.swift in Sources */,
				E90E654C2AA09766002A71B6 /* MapMeloPlaceListViewController.swift in Sources */,
				E90E64B52A84CAD5002A71B6 /* Extension.swift in Sources */,
				E90E65672AA996DF002A71B6 /* SwiftUIPreView.swift in Sources */,
				E90E653C2A9876A4002A71B6 /* MeloPlaceDetailCoordinator.swift in Sources */,
				E90E65302A8E22D7002A71B6 /* SignUpViewController.swift in Sources */,
				E90E652E2A8E22C9002A71B6 /* SignUpCoordinator.swift in Sources */,
				E90E64E02A878228002A71B6 /* Address.swift in Sources */,
				E90E64F22A8B47D0002A71B6 /* MusicListViewModel.swift in Sources */,
				E90E65282A8DF9F4002A71B6 /* UserDTO.swift in Sources */,
				E90E656C2AAAF1CC002A71B6 /* UserProfileSection.swift in Sources */,
				E90E64E22A87864C002A71B6 /* Array+.swift in Sources */,
				E90E65602AA5CF3A002A71B6 /* Space.swift in Sources */,
				E90E64FB2A8B5587002A71B6 /* SpotifyService.swift in Sources */,
				E90E647E2A80F99C002A71B6 /* MainCoordinator.swift in Sources */,
				E90E64FF2A8B74D6002A71B6 /* SpotifySearchDTO.swift in Sources */,
				E90E64F42A8B4FE6002A71B6 /* MusicListCollectionCell.swift in Sources */,
				E90E65802AAB0B89002A71B6 /* FetchMeloPlaceUseCase.swift in Sources */,
				E90E64C92A876AD7002A71B6 /* MeloLocationViewController.swift in Sources */,
				E90E64A12A810D3E002A71B6 /* MainCell.swift in Sources */,
				E90E65242A8DF7B3002A71B6 /* FireBaseNetworkService.swift in Sources */,
				E90E648C2A80FA8C002A71B6 /* UserProfileCoordinator.swift in Sources */,
				E90E64F62A8B51F5002A71B6 /* Music.swift in Sources */,
				E90E658B2AADCB78002A71B6 /* MeloPlaceDetailView.swift in Sources */,
				E90E65102A8CB89C002A71B6 /* SelectDateViewController.swift in Sources */,
				E90E651E2A8DEE65002A71B6 /* SignInViewController.swift in Sources */,
				E90E64CD2A876E6B002A71B6 /* MeloLocationCoordinator.swift in Sources */,
				E90E651C2A8DEE23002A71B6 /* SignInCoordinator.swift in Sources */,
				E90E64D32A877901002A71B6 /* ThemeButton.swift in Sources */,
				E90E64E42A878797002A71B6 /* CLLocationManager+RX.swift in Sources */,
				E90E649C2A80FAED002A71B6 /* BrowseViewModel.swift in Sources */,
				E90E64962A80FABB002A71B6 /* MapViewModel.swift in Sources */,
				E90E65702AAAF3DE002A71B6 /* UserContentCollectionCell.swift in Sources */,
				E90E64AC2A8237AD002A71B6 /* AddMeloPlaceCoordinator.swift in Sources */,
				E90E64EE2A8B4688002A71B6 /* MusicListCoordinator.swift in Sources */,
				E90E64BF2A84F578002A71B6 /* SpotifyViewController.swift in Sources */,
				E90E64382A80F3F4002A71B6 /* AppDelegate.swift in Sources */,
				E90E654E2AA0976E002A71B6 /* MapMeloPlaceListViewModel.swift in Sources */,
				E90E65142A8DDF79002A71B6 /* SpotifyUserProfileDTO.swift in Sources */,
				E90E654A2AA0975A002A71B6 /* MapMeloPlaceListCoordinator.swift in Sources */,
				E90E646B2A80F710002A71B6 /* DIContainer.swift in Sources */,
				E90E65202A8DEE6F002A71B6 /* SignInViewModel.swift in Sources */,
				E90E65262A8DF975002A71B6 /* DTOProtocol.swift in Sources */,
				E90E65532AA4B90B002A71B6 /* SearchBarView.swift in Sources */,
				E90E65632AA5D20E002A71B6 /* SearchView.swift in Sources */,
				E90E64922A80FAA9002A71B6 /* MapCoordinator.swift in Sources */,
				E90E64692A80F6F8002A71B6 /* CoordinatorProtocol.swift in Sources */,
				E90E643A2A80F3F4002A71B6 /* SceneDelegate.swift in Sources */,
				E90E64D82A877D09002A71B6 /* ThemeFont.swift in Sources */,
				E90E64DE2A8781D3002A71B6 /* GeoPoint.swift in Sources */,
				E90E64D62A8779AC002A71B6 /* ThemeColor.swift in Sources */,
				E90E65442A989E87002A71B6 /* UIImage+.swift in Sources */,
				E90E64842A80F9C8002A71B6 /* MainViewModel.swift in Sources */,
				E90E65422A9897D6002A71B6 /* AnnotationView.swift in Sources */,
				E90E64CF2A876ED3002A71B6 /* MeloLocationView.swift in Sources */,
				E90E649F2A810B37002A71B6 /* MainCollectionViewFlowLayout.swift in Sources */,
				E90E64942A80FAB3002A71B6 /* MapViewController.swift in Sources */,
				E90E65402A9876BB002A71B6 /* MeloPlaceDetailViewModel.swift in Sources */,
				E90E65652AA5D70C002A71B6 /* SearchTableCell.swift in Sources */,
				E90E648E2A80FA96002A71B6 /* UserProfileViewController.swift in Sources */,
				E90E65892AACA08C002A71B6 /* MeloPlaceDetailCollectionCell.swift in Sources */,
				E90E656E2AAAF259002A71B6 /* UserProfileLayout.swift in Sources */,
				E90E65362A9665B1002A71B6 /* ViewController+Rx.swift in Sources */,
				E90E64E62A8787D0002A71B6 /* MKMapView+RX.swift in Sources */,
				E90E64DC2A87806D002A71B6 /* LocationManager.swift in Sources */,
				E90E650E2A8CB881002A71B6 /* SelectDateCoordinator.swift in Sources */,
				E90E64B02A82384E002A71B6 /* AddMeloPlaceViewModel.swift in Sources */,
			);
			runOnlyForDeploymentPostprocessing = 0;
		};
		E90E64462A80F3F6002A71B6 /* Sources */ = {
			isa = PBXSourcesBuildPhase;
			buildActionMask = 2147483647;
			files = (
				E90E644F2A80F3F6002A71B6 /* MeloPlaceTests.swift in Sources */,
			);
			runOnlyForDeploymentPostprocessing = 0;
		};
		E90E64502A80F3F6002A71B6 /* Sources */ = {
			isa = PBXSourcesBuildPhase;
			buildActionMask = 2147483647;
			files = (
				E90E64592A80F3F6002A71B6 /* MeloPlaceUITests.swift in Sources */,
				E90E645B2A80F3F6002A71B6 /* MeloPlaceUITestsLaunchTests.swift in Sources */,
			);
			runOnlyForDeploymentPostprocessing = 0;
		};
/* End PBXSourcesBuildPhase section */

/* Begin PBXTargetDependency section */
		E90E644C2A80F3F6002A71B6 /* PBXTargetDependency */ = {
			isa = PBXTargetDependency;
			target = E90E64332A80F3F4002A71B6 /* MeloPlace */;
			targetProxy = E90E644B2A80F3F6002A71B6 /* PBXContainerItemProxy */;
		};
		E90E64562A80F3F6002A71B6 /* PBXTargetDependency */ = {
			isa = PBXTargetDependency;
			target = E90E64332A80F3F4002A71B6 /* MeloPlace */;
			targetProxy = E90E64552A80F3F6002A71B6 /* PBXContainerItemProxy */;
		};
/* End PBXTargetDependency section */

/* Begin PBXVariantGroup section */
		E90E643D2A80F3F4002A71B6 /* Main.storyboard */ = {
			isa = PBXVariantGroup;
			children = (
				E90E643E2A80F3F4002A71B6 /* Base */,
			);
			name = Main.storyboard;
			sourceTree = "<group>";
		};
		E90E64422A80F3F6002A71B6 /* LaunchScreen.storyboard */ = {
			isa = PBXVariantGroup;
			children = (
				E90E64432A80F3F6002A71B6 /* Base */,
			);
			name = LaunchScreen.storyboard;
			sourceTree = "<group>";
		};
/* End PBXVariantGroup section */

/* Begin XCBuildConfiguration section */
		E90E645C2A80F3F6002A71B6 /* Debug */ = {
			isa = XCBuildConfiguration;
			buildSettings = {
				ALWAYS_SEARCH_USER_PATHS = NO;
				CLANG_ANALYZER_NONNULL = YES;
				CLANG_ANALYZER_NUMBER_OBJECT_CONVERSION = YES_AGGRESSIVE;
				CLANG_CXX_LANGUAGE_STANDARD = "gnu++20";
				CLANG_ENABLE_MODULES = YES;
				CLANG_ENABLE_OBJC_ARC = YES;
				CLANG_ENABLE_OBJC_WEAK = YES;
				CLANG_WARN_BLOCK_CAPTURE_AUTORELEASING = YES;
				CLANG_WARN_BOOL_CONVERSION = YES;
				CLANG_WARN_COMMA = YES;
				CLANG_WARN_CONSTANT_CONVERSION = YES;
				CLANG_WARN_DEPRECATED_OBJC_IMPLEMENTATIONS = YES;
				CLANG_WARN_DIRECT_OBJC_ISA_USAGE = YES_ERROR;
				CLANG_WARN_DOCUMENTATION_COMMENTS = YES;
				CLANG_WARN_EMPTY_BODY = YES;
				CLANG_WARN_ENUM_CONVERSION = YES;
				CLANG_WARN_INFINITE_RECURSION = YES;
				CLANG_WARN_INT_CONVERSION = YES;
				CLANG_WARN_NON_LITERAL_NULL_CONVERSION = YES;
				CLANG_WARN_OBJC_IMPLICIT_RETAIN_SELF = YES;
				CLANG_WARN_OBJC_LITERAL_CONVERSION = YES;
				CLANG_WARN_OBJC_ROOT_CLASS = YES_ERROR;
				CLANG_WARN_QUOTED_INCLUDE_IN_FRAMEWORK_HEADER = YES;
				CLANG_WARN_RANGE_LOOP_ANALYSIS = YES;
				CLANG_WARN_STRICT_PROTOTYPES = YES;
				CLANG_WARN_SUSPICIOUS_MOVE = YES;
				CLANG_WARN_UNGUARDED_AVAILABILITY = YES_AGGRESSIVE;
				CLANG_WARN_UNREACHABLE_CODE = YES;
				CLANG_WARN__DUPLICATE_METHOD_MATCH = YES;
				COPY_PHASE_STRIP = NO;
				DEBUG_INFORMATION_FORMAT = dwarf;
				ENABLE_STRICT_OBJC_MSGSEND = YES;
				ENABLE_TESTABILITY = YES;
				GCC_C_LANGUAGE_STANDARD = gnu11;
				GCC_DYNAMIC_NO_PIC = NO;
				GCC_NO_COMMON_BLOCKS = YES;
				GCC_OPTIMIZATION_LEVEL = 0;
				GCC_PREPROCESSOR_DEFINITIONS = (
					"DEBUG=1",
					"$(inherited)",
				);
				GCC_WARN_64_TO_32_BIT_CONVERSION = YES;
				GCC_WARN_ABOUT_RETURN_TYPE = YES_ERROR;
				GCC_WARN_UNDECLARED_SELECTOR = YES;
				GCC_WARN_UNINITIALIZED_AUTOS = YES_AGGRESSIVE;
				GCC_WARN_UNUSED_FUNCTION = YES;
				GCC_WARN_UNUSED_VARIABLE = YES;
				IPHONEOS_DEPLOYMENT_TARGET = 16.4;
				MTL_ENABLE_DEBUG_INFO = INCLUDE_SOURCE;
				MTL_FAST_MATH = YES;
				ONLY_ACTIVE_ARCH = YES;
				SDKROOT = iphoneos;
				SWIFT_ACTIVE_COMPILATION_CONDITIONS = DEBUG;
				SWIFT_OPTIMIZATION_LEVEL = "-Onone";
			};
			name = Debug;
		};
		E90E645D2A80F3F6002A71B6 /* Release */ = {
			isa = XCBuildConfiguration;
			buildSettings = {
				ALWAYS_SEARCH_USER_PATHS = NO;
				CLANG_ANALYZER_NONNULL = YES;
				CLANG_ANALYZER_NUMBER_OBJECT_CONVERSION = YES_AGGRESSIVE;
				CLANG_CXX_LANGUAGE_STANDARD = "gnu++20";
				CLANG_ENABLE_MODULES = YES;
				CLANG_ENABLE_OBJC_ARC = YES;
				CLANG_ENABLE_OBJC_WEAK = YES;
				CLANG_WARN_BLOCK_CAPTURE_AUTORELEASING = YES;
				CLANG_WARN_BOOL_CONVERSION = YES;
				CLANG_WARN_COMMA = YES;
				CLANG_WARN_CONSTANT_CONVERSION = YES;
				CLANG_WARN_DEPRECATED_OBJC_IMPLEMENTATIONS = YES;
				CLANG_WARN_DIRECT_OBJC_ISA_USAGE = YES_ERROR;
				CLANG_WARN_DOCUMENTATION_COMMENTS = YES;
				CLANG_WARN_EMPTY_BODY = YES;
				CLANG_WARN_ENUM_CONVERSION = YES;
				CLANG_WARN_INFINITE_RECURSION = YES;
				CLANG_WARN_INT_CONVERSION = YES;
				CLANG_WARN_NON_LITERAL_NULL_CONVERSION = YES;
				CLANG_WARN_OBJC_IMPLICIT_RETAIN_SELF = YES;
				CLANG_WARN_OBJC_LITERAL_CONVERSION = YES;
				CLANG_WARN_OBJC_ROOT_CLASS = YES_ERROR;
				CLANG_WARN_QUOTED_INCLUDE_IN_FRAMEWORK_HEADER = YES;
				CLANG_WARN_RANGE_LOOP_ANALYSIS = YES;
				CLANG_WARN_STRICT_PROTOTYPES = YES;
				CLANG_WARN_SUSPICIOUS_MOVE = YES;
				CLANG_WARN_UNGUARDED_AVAILABILITY = YES_AGGRESSIVE;
				CLANG_WARN_UNREACHABLE_CODE = YES;
				CLANG_WARN__DUPLICATE_METHOD_MATCH = YES;
				COPY_PHASE_STRIP = NO;
				DEBUG_INFORMATION_FORMAT = "dwarf-with-dsym";
				ENABLE_NS_ASSERTIONS = NO;
				ENABLE_STRICT_OBJC_MSGSEND = YES;
				GCC_C_LANGUAGE_STANDARD = gnu11;
				GCC_NO_COMMON_BLOCKS = YES;
				GCC_WARN_64_TO_32_BIT_CONVERSION = YES;
				GCC_WARN_ABOUT_RETURN_TYPE = YES_ERROR;
				GCC_WARN_UNDECLARED_SELECTOR = YES;
				GCC_WARN_UNINITIALIZED_AUTOS = YES_AGGRESSIVE;
				GCC_WARN_UNUSED_FUNCTION = YES;
				GCC_WARN_UNUSED_VARIABLE = YES;
				IPHONEOS_DEPLOYMENT_TARGET = 16.4;
				MTL_ENABLE_DEBUG_INFO = NO;
				MTL_FAST_MATH = YES;
				SDKROOT = iphoneos;
				SWIFT_COMPILATION_MODE = wholemodule;
				SWIFT_OPTIMIZATION_LEVEL = "-O";
				VALIDATE_PRODUCT = YES;
			};
			name = Release;
		};
		E90E645F2A80F3F6002A71B6 /* Debug */ = {
			isa = XCBuildConfiguration;
			baseConfigurationReference = E82026C505C66F896984D8A9 /* Pods-MeloPlace.debug.xcconfig */;
			buildSettings = {
				ASSETCATALOG_COMPILER_APPICON_NAME = AppIcon;
				ASSETCATALOG_COMPILER_GLOBAL_ACCENT_COLOR_NAME = AccentColor;
				CLANG_ENABLE_MODULES = YES;
				CODE_SIGN_STYLE = Automatic;
				CURRENT_PROJECT_VERSION = 1;
				DEVELOPMENT_TEAM = PMX8756RQ5;
				FRAMEWORK_SEARCH_PATHS = (
					"$(inherited)",
					"$(PROJECT_DIR)",
				);
				GENERATE_INFOPLIST_FILE = YES;
				INFOPLIST_FILE = MeloPlace/Info.plist;
				INFOPLIST_KEY_NSPhotoLibraryAddUsageDescription = "앨범 접근이 필요합니다";
				INFOPLIST_KEY_NSPhotoLibraryUsageDescription = "앨범 접그이 필요합니다.";
				INFOPLIST_KEY_UIApplicationSupportsIndirectInputEvents = YES;
				INFOPLIST_KEY_UILaunchStoryboardName = LaunchScreen;
				INFOPLIST_KEY_UIMainStoryboardFile = Main;
				INFOPLIST_KEY_UISupportedInterfaceOrientations_iPad = "UIInterfaceOrientationPortrait UIInterfaceOrientationPortraitUpsideDown UIInterfaceOrientationLandscapeLeft UIInterfaceOrientationLandscapeRight";
				INFOPLIST_KEY_UISupportedInterfaceOrientations_iPhone = "UIInterfaceOrientationPortrait UIInterfaceOrientationLandscapeLeft UIInterfaceOrientationLandscapeRight";
				LD_RUNPATH_SEARCH_PATHS = (
					"$(inherited)",
					"@executable_path/Frameworks",
				);
				MARKETING_VERSION = 1.0;
				OTHER_LDFLAGS = (
					"$(inherited)",
					"-framework",
					"\"Accelerate\"",
					"-framework",
					"\"Alamofire\"",
					"-framework",
					"\"CFNetwork\"",
					"-framework",
					"\"Kingfisher\"",
					"-framework",
					"\"RxCocoa\"",
					"-framework",
					"\"RxGesture\"",
					"-framework",
					"\"RxRelay\"",
					"-framework",
					"\"RxSwift\"",
					"-framework",
					"\"SnapKit\"",
					"-framework",
					"\"Swinject\"",
					"-weak_framework",
					"\"Combine\"",
					"-weak_framework",
					"\"SwiftUI\"",
					"-ObjC",
				);
				PRODUCT_BUNDLE_IDENTIFIER = yummyHawaiianPizzaKim.MeloPlace;
				PRODUCT_NAME = "$(TARGET_NAME)";
				SWIFT_EMIT_LOC_STRINGS = YES;
				SWIFT_OBJC_BRIDGING_HEADER = "MeloPlace/MeloPlace-Bridging-Header.h";
				SWIFT_OPTIMIZATION_LEVEL = "-Onone";
				SWIFT_VERSION = 5.0;
				TARGETED_DEVICE_FAMILY = "1,2";
			};
			name = Debug;
		};
		E90E64602A80F3F6002A71B6 /* Release */ = {
			isa = XCBuildConfiguration;
			baseConfigurationReference = F48083693CF0EB1227383675 /* Pods-MeloPlace.release.xcconfig */;
			buildSettings = {
				ASSETCATALOG_COMPILER_APPICON_NAME = AppIcon;
				ASSETCATALOG_COMPILER_GLOBAL_ACCENT_COLOR_NAME = AccentColor;
				CLANG_ENABLE_MODULES = YES;
				CODE_SIGN_STYLE = Automatic;
				CURRENT_PROJECT_VERSION = 1;
				DEVELOPMENT_TEAM = PMX8756RQ5;
				FRAMEWORK_SEARCH_PATHS = (
					"$(inherited)",
					"$(PROJECT_DIR)",
				);
				GENERATE_INFOPLIST_FILE = YES;
				INFOPLIST_FILE = MeloPlace/Info.plist;
				INFOPLIST_KEY_NSPhotoLibraryAddUsageDescription = "앨범 접근이 필요합니다";
				INFOPLIST_KEY_NSPhotoLibraryUsageDescription = "앨범 접그이 필요합니다.";
				INFOPLIST_KEY_UIApplicationSupportsIndirectInputEvents = YES;
				INFOPLIST_KEY_UILaunchStoryboardName = LaunchScreen;
				INFOPLIST_KEY_UIMainStoryboardFile = Main;
				INFOPLIST_KEY_UISupportedInterfaceOrientations_iPad = "UIInterfaceOrientationPortrait UIInterfaceOrientationPortraitUpsideDown UIInterfaceOrientationLandscapeLeft UIInterfaceOrientationLandscapeRight";
				INFOPLIST_KEY_UISupportedInterfaceOrientations_iPhone = "UIInterfaceOrientationPortrait UIInterfaceOrientationLandscapeLeft UIInterfaceOrientationLandscapeRight";
				LD_RUNPATH_SEARCH_PATHS = (
					"$(inherited)",
					"@executable_path/Frameworks",
				);
				MARKETING_VERSION = 1.0;
				OTHER_LDFLAGS = (
					"$(inherited)",
					"-framework",
					"\"Accelerate\"",
					"-framework",
					"\"Alamofire\"",
					"-framework",
					"\"CFNetwork\"",
					"-framework",
					"\"Kingfisher\"",
					"-framework",
					"\"RxCocoa\"",
					"-framework",
					"\"RxGesture\"",
					"-framework",
					"\"RxRelay\"",
					"-framework",
					"\"RxSwift\"",
					"-framework",
					"\"SnapKit\"",
					"-framework",
					"\"Swinject\"",
					"-weak_framework",
					"\"Combine\"",
					"-weak_framework",
					"\"SwiftUI\"",
					"-ObjC",
				);
				PRODUCT_BUNDLE_IDENTIFIER = yummyHawaiianPizzaKim.MeloPlace;
				PRODUCT_NAME = "$(TARGET_NAME)";
				SWIFT_EMIT_LOC_STRINGS = YES;
				SWIFT_OBJC_BRIDGING_HEADER = "MeloPlace/MeloPlace-Bridging-Header.h";
				SWIFT_VERSION = 5.0;
				TARGETED_DEVICE_FAMILY = "1,2";
			};
			name = Release;
		};
		E90E64622A80F3F6002A71B6 /* Debug */ = {
			isa = XCBuildConfiguration;
			baseConfigurationReference = 6CB548D45F29588305B1E44A /* Pods-MeloPlaceTests.debug.xcconfig */;
			buildSettings = {
				ALWAYS_EMBED_SWIFT_STANDARD_LIBRARIES = YES;
				BUNDLE_LOADER = "$(TEST_HOST)";
				CODE_SIGN_STYLE = Automatic;
				CURRENT_PROJECT_VERSION = 1;
				GENERATE_INFOPLIST_FILE = YES;
				IPHONEOS_DEPLOYMENT_TARGET = 16.4;
				MARKETING_VERSION = 1.0;
				PRODUCT_BUNDLE_IDENTIFIER = yummyHawaiianPizzaKim.MeloPlaceTests;
				PRODUCT_NAME = "$(TARGET_NAME)";
				SWIFT_EMIT_LOC_STRINGS = NO;
				SWIFT_VERSION = 5.0;
				TARGETED_DEVICE_FAMILY = "1,2";
				TEST_HOST = "$(BUILT_PRODUCTS_DIR)/MeloPlace.app/$(BUNDLE_EXECUTABLE_FOLDER_PATH)/MeloPlace";
			};
			name = Debug;
		};
		E90E64632A80F3F6002A71B6 /* Release */ = {
			isa = XCBuildConfiguration;
			baseConfigurationReference = 3668B8E7D54CB5421DB52AB2 /* Pods-MeloPlaceTests.release.xcconfig */;
			buildSettings = {
				ALWAYS_EMBED_SWIFT_STANDARD_LIBRARIES = YES;
				BUNDLE_LOADER = "$(TEST_HOST)";
				CODE_SIGN_STYLE = Automatic;
				CURRENT_PROJECT_VERSION = 1;
				GENERATE_INFOPLIST_FILE = YES;
				IPHONEOS_DEPLOYMENT_TARGET = 16.4;
				MARKETING_VERSION = 1.0;
				PRODUCT_BUNDLE_IDENTIFIER = yummyHawaiianPizzaKim.MeloPlaceTests;
				PRODUCT_NAME = "$(TARGET_NAME)";
				SWIFT_EMIT_LOC_STRINGS = NO;
				SWIFT_VERSION = 5.0;
				TARGETED_DEVICE_FAMILY = "1,2";
				TEST_HOST = "$(BUILT_PRODUCTS_DIR)/MeloPlace.app/$(BUNDLE_EXECUTABLE_FOLDER_PATH)/MeloPlace";
			};
			name = Release;
		};
		E90E64652A80F3F6002A71B6 /* Debug */ = {
			isa = XCBuildConfiguration;
			baseConfigurationReference = 823DF253878761D0D0DFB3C1 /* Pods-MeloPlace-MeloPlaceUITests.debug.xcconfig */;
			buildSettings = {
				ALWAYS_EMBED_SWIFT_STANDARD_LIBRARIES = YES;
				CODE_SIGN_STYLE = Automatic;
				CURRENT_PROJECT_VERSION = 1;
				GENERATE_INFOPLIST_FILE = YES;
				MARKETING_VERSION = 1.0;
				PRODUCT_BUNDLE_IDENTIFIER = yummyHawaiianPizzaKim.MeloPlaceUITests;
				PRODUCT_NAME = "$(TARGET_NAME)";
				SWIFT_EMIT_LOC_STRINGS = NO;
				SWIFT_VERSION = 5.0;
				TARGETED_DEVICE_FAMILY = "1,2";
				TEST_TARGET_NAME = MeloPlace;
			};
			name = Debug;
		};
		E90E64662A80F3F6002A71B6 /* Release */ = {
			isa = XCBuildConfiguration;
			baseConfigurationReference = CE9541A331ED25298FC60811 /* Pods-MeloPlace-MeloPlaceUITests.release.xcconfig */;
			buildSettings = {
				ALWAYS_EMBED_SWIFT_STANDARD_LIBRARIES = YES;
				CODE_SIGN_STYLE = Automatic;
				CURRENT_PROJECT_VERSION = 1;
				GENERATE_INFOPLIST_FILE = YES;
				MARKETING_VERSION = 1.0;
				PRODUCT_BUNDLE_IDENTIFIER = yummyHawaiianPizzaKim.MeloPlaceUITests;
				PRODUCT_NAME = "$(TARGET_NAME)";
				SWIFT_EMIT_LOC_STRINGS = NO;
				SWIFT_VERSION = 5.0;
				TARGETED_DEVICE_FAMILY = "1,2";
				TEST_TARGET_NAME = MeloPlace;
			};
			name = Release;
		};
/* End XCBuildConfiguration section */

/* Begin XCConfigurationList section */
		E90E642F2A80F3F4002A71B6 /* Build configuration list for PBXProject "MeloPlace" */ = {
			isa = XCConfigurationList;
			buildConfigurations = (
				E90E645C2A80F3F6002A71B6 /* Debug */,
				E90E645D2A80F3F6002A71B6 /* Release */,
			);
			defaultConfigurationIsVisible = 0;
			defaultConfigurationName = Release;
		};
		E90E645E2A80F3F6002A71B6 /* Build configuration list for PBXNativeTarget "MeloPlace" */ = {
			isa = XCConfigurationList;
			buildConfigurations = (
				E90E645F2A80F3F6002A71B6 /* Debug */,
				E90E64602A80F3F6002A71B6 /* Release */,
			);
			defaultConfigurationIsVisible = 0;
			defaultConfigurationName = Release;
		};
		E90E64612A80F3F6002A71B6 /* Build configuration list for PBXNativeTarget "MeloPlaceTests" */ = {
			isa = XCConfigurationList;
			buildConfigurations = (
				E90E64622A80F3F6002A71B6 /* Debug */,
				E90E64632A80F3F6002A71B6 /* Release */,
			);
			defaultConfigurationIsVisible = 0;
			defaultConfigurationName = Release;
		};
		E90E64642A80F3F6002A71B6 /* Build configuration list for PBXNativeTarget "MeloPlaceUITests" */ = {
			isa = XCConfigurationList;
			buildConfigurations = (
				E90E64652A80F3F6002A71B6 /* Debug */,
				E90E64662A80F3F6002A71B6 /* Release */,
			);
			defaultConfigurationIsVisible = 0;
			defaultConfigurationName = Release;
		};
/* End XCConfigurationList section */

/* Begin XCRemoteSwiftPackageReference section */
		E90E65032A8B8B28002A71B6 /* XCRemoteSwiftPackageReference "ios-sdk" */ = {
			isa = XCRemoteSwiftPackageReference;
			repositoryURL = "https://github.com/spotify/ios-sdk";
			requirement = {
				kind = exactVersion;
				version = 1.2.3;
			};
		};
/* End XCRemoteSwiftPackageReference section */

/* Begin XCSwiftPackageProductDependency section */
		E90E65042A8B8B28002A71B6 /* SpotifyiOS */ = {
			isa = XCSwiftPackageProductDependency;
			package = E90E65032A8B8B28002A71B6 /* XCRemoteSwiftPackageReference "ios-sdk" */;
			productName = SpotifyiOS;
		};
/* End XCSwiftPackageProductDependency section */
	};
	rootObject = E90E642C2A80F3F4002A71B6 /* Project object */;
}
